// !$*UTF8*$!
{
	archiveVersion = 1;
	classes = {
	};
	objectVersion = 46;
	objects = {

/* Begin PBXBuildFile section */
		271C24211D5A56D8008388D0 /* main.cpp in Sources */ = {isa = PBXBuildFile; fileRef = 271C24201D5A56D8008388D0 /* main.cpp */; };
		272745FA1D47BB1900B52F88 /* main.cpp in Sources */ = {isa = PBXBuildFile; fileRef = 272745F91D47BB1900B52F88 /* main.cpp */; };
		272D3EE81D48E2BF00DB801B /* main.cpp in Sources */ = {isa = PBXBuildFile; fileRef = 272D3EE71D48E2BF00DB801B /* main.cpp */; };
		273CE4431D3FB71D009FB3A2 /* main.cpp in Sources */ = {isa = PBXBuildFile; fileRef = 273CE4421D3FB71D009FB3A2 /* main.cpp */; };
		27537FB21D521F3400D21A71 /* main.cpp in Sources */ = {isa = PBXBuildFile; fileRef = 27537FB11D521F3400D21A71 /* main.cpp */; };
		2754D92D1D3FC2EC008A924E /* main.cpp in Sources */ = {isa = PBXBuildFile; fileRef = 2754D92C1D3FC2EC008A924E /* main.cpp */; };
		2798EC071D47A85500E8D757 /* main.cpp in Sources */ = {isa = PBXBuildFile; fileRef = 2798EC061D47A85500E8D757 /* main.cpp */; };
		27DD27E21D35749600457EC3 /* main.cpp in Sources */ = {isa = PBXBuildFile; fileRef = 27DD27D01D356F5A00457EC3 /* main.cpp */; };
		27DD27F01D35757600457EC3 /* main.cpp in Sources */ = {isa = PBXBuildFile; fileRef = 27DD27E41D3574DC00457EC3 /* main.cpp */; };
		27DD28061D36D13800457EC3 /* main.cpp in Sources */ = {isa = PBXBuildFile; fileRef = 27DD28051D36D13800457EC3 /* main.cpp */; };
		27DD280A1D38061400457EC3 /* main.cpp in Sources */ = {isa = PBXBuildFile; fileRef = 27DD27F31D36BF3E00457EC3 /* main.cpp */; };
		27DD28171D3810E000457EC3 /* huge_fib_mod.cpp in Sources */ = {isa = PBXBuildFile; fileRef = 27DD280B1D380F1E00457EC3 /* huge_fib_mod.cpp */; };
		27DD28211D3E878200457EC3 /* main.cpp in Sources */ = {isa = PBXBuildFile; fileRef = 27DD28201D3E878200457EC3 /* main.cpp */; };
		27DD282C1D3E8B0300457EC3 /* main.cpp in Sources */ = {isa = PBXBuildFile; fileRef = 27DD282B1D3E8B0300457EC3 /* main.cpp */; };
		27E650731D412FA7000BD56C /* main.cpp in Sources */ = {isa = PBXBuildFile; fileRef = 27E650721D412FA7000BD56C /* main.cpp */; };
		27EA47621D50DE44008D1B9F /* main.cpp in Sources */ = {isa = PBXBuildFile; fileRef = 27EA47611D50DE44008D1B9F /* main.cpp */; };
		27F0156A1D492E99009FC0C1 /* main.cpp in Sources */ = {isa = PBXBuildFile; fileRef = 27F015691D492E99009FC0C1 /* main.cpp */; };
		27F12DB01D5CD22F00DD432F /* main.cpp in Sources */ = {isa = PBXBuildFile; fileRef = 27F12DAF1D5CD22F00DD432F /* main.cpp */; };
		9BCE50E21D57822700CE6EAF /* main.cpp in Sources */ = {isa = PBXBuildFile; fileRef = 9BCE50E11D57822700CE6EAF /* main.cpp */; };
/* End PBXBuildFile section */

/* Begin PBXCopyFilesBuildPhase section */
		271C241C1D5A56D7008388D0 /* CopyFiles */ = {
			isa = PBXCopyFilesBuildPhase;
			buildActionMask = 2147483647;
			dstPath = /usr/share/man/man1/;
			dstSubfolderSpec = 0;
			files = (
			);
			runOnlyForDeploymentPostprocessing = 1;
		};
		272745F51D47BB1900B52F88 /* CopyFiles */ = {
			isa = PBXCopyFilesBuildPhase;
			buildActionMask = 12;
			dstPath = "";
			dstSubfolderSpec = 16;
			files = (
			);
			runOnlyForDeploymentPostprocessing = 0;
		};
		272D3EE31D48E2BF00DB801B /* CopyFiles */ = {
			isa = PBXCopyFilesBuildPhase;
			buildActionMask = 2147483647;
			dstPath = /usr/share/man/man1/;
			dstSubfolderSpec = 0;
			files = (
			);
			runOnlyForDeploymentPostprocessing = 1;
		};
		273CE43E1D3FB71D009FB3A2 /* CopyFiles */ = {
			isa = PBXCopyFilesBuildPhase;
			buildActionMask = 2147483647;
			dstPath = /usr/share/man/man1/;
			dstSubfolderSpec = 0;
			files = (
			);
			runOnlyForDeploymentPostprocessing = 1;
		};
		27537FAD1D521F3400D21A71 /* CopyFiles */ = {
			isa = PBXCopyFilesBuildPhase;
			buildActionMask = 2147483647;
			dstPath = /usr/share/man/man1/;
			dstSubfolderSpec = 0;
			files = (
			);
			runOnlyForDeploymentPostprocessing = 1;
		};
		2754D9281D3FC2EC008A924E /* CopyFiles */ = {
			isa = PBXCopyFilesBuildPhase;
			buildActionMask = 2147483647;
			dstPath = /usr/share/man/man1/;
			dstSubfolderSpec = 0;
			files = (
			);
			runOnlyForDeploymentPostprocessing = 1;
		};
		2798EC021D47A85500E8D757 /* CopyFiles */ = {
			isa = PBXCopyFilesBuildPhase;
			buildActionMask = 2147483647;
			dstPath = /usr/share/man/man1/;
			dstSubfolderSpec = 0;
			files = (
			);
			runOnlyForDeploymentPostprocessing = 1;
		};
		27DD27D91D35743700457EC3 /* CopyFiles */ = {
			isa = PBXCopyFilesBuildPhase;
			buildActionMask = 2147483647;
			dstPath = /usr/share/man/man1/;
			dstSubfolderSpec = 0;
			files = (
			);
			runOnlyForDeploymentPostprocessing = 1;
		};
		27DD27E71D35757000457EC3 /* CopyFiles */ = {
			isa = PBXCopyFilesBuildPhase;
			buildActionMask = 2147483647;
			dstPath = /usr/share/man/man1/;
			dstSubfolderSpec = 0;
			files = (
			);
			runOnlyForDeploymentPostprocessing = 1;
		};
		27DD27F61D36C07900457EC3 /* CopyFiles */ = {
			isa = PBXCopyFilesBuildPhase;
			buildActionMask = 2147483647;
			dstPath = /usr/share/man/man1/;
			dstSubfolderSpec = 0;
			files = (
			);
			runOnlyForDeploymentPostprocessing = 1;
		};
		27DD28011D36D13800457EC3 /* CopyFiles */ = {
			isa = PBXCopyFilesBuildPhase;
			buildActionMask = 2147483647;
			dstPath = /usr/share/man/man1/;
			dstSubfolderSpec = 0;
			files = (
			);
			runOnlyForDeploymentPostprocessing = 1;
		};
		27DD280E1D3810D800457EC3 /* CopyFiles */ = {
			isa = PBXCopyFilesBuildPhase;
			buildActionMask = 2147483647;
			dstPath = /usr/share/man/man1/;
			dstSubfolderSpec = 0;
			files = (
			);
			runOnlyForDeploymentPostprocessing = 1;
		};
		27DD281C1D3E878100457EC3 /* CopyFiles */ = {
			isa = PBXCopyFilesBuildPhase;
			buildActionMask = 2147483647;
			dstPath = /usr/share/man/man1/;
			dstSubfolderSpec = 0;
			files = (
			);
			runOnlyForDeploymentPostprocessing = 1;
		};
		27DD28271D3E8B0300457EC3 /* CopyFiles */ = {
			isa = PBXCopyFilesBuildPhase;
			buildActionMask = 2147483647;
			dstPath = /usr/share/man/man1/;
			dstSubfolderSpec = 0;
			files = (
			);
			runOnlyForDeploymentPostprocessing = 1;
		};
		27E6506E1D412FA7000BD56C /* CopyFiles */ = {
			isa = PBXCopyFilesBuildPhase;
			buildActionMask = 2147483647;
			dstPath = /usr/share/man/man1/;
			dstSubfolderSpec = 0;
			files = (
			);
			runOnlyForDeploymentPostprocessing = 1;
		};
		27EA475D1D50DE44008D1B9F /* CopyFiles */ = {
			isa = PBXCopyFilesBuildPhase;
			buildActionMask = 2147483647;
			dstPath = /usr/share/man/man1/;
			dstSubfolderSpec = 0;
			files = (
			);
			runOnlyForDeploymentPostprocessing = 1;
		};
		27F015651D492E99009FC0C1 /* CopyFiles */ = {
			isa = PBXCopyFilesBuildPhase;
			buildActionMask = 2147483647;
			dstPath = /usr/share/man/man1/;
			dstSubfolderSpec = 0;
			files = (
			);
			runOnlyForDeploymentPostprocessing = 1;
		};
		27F12DAB1D5CD22F00DD432F /* CopyFiles */ = {
			isa = PBXCopyFilesBuildPhase;
			buildActionMask = 2147483647;
			dstPath = /usr/share/man/man1/;
			dstSubfolderSpec = 0;
			files = (
			);
			runOnlyForDeploymentPostprocessing = 1;
		};
		9BCE50DD1D57822700CE6EAF /* CopyFiles */ = {
			isa = PBXCopyFilesBuildPhase;
			buildActionMask = 2147483647;
			dstPath = /usr/share/man/man1/;
			dstSubfolderSpec = 0;
			files = (
			);
			runOnlyForDeploymentPostprocessing = 1;
		};
/* End PBXCopyFilesBuildPhase section */

/* Begin PBXFileReference section */
		271C241E1D5A56D7008388D0 /* EditDistance */ = {isa = PBXFileReference; explicitFileType = "compiled.mach-o.executable"; includeInIndex = 0; path = EditDistance; sourceTree = BUILT_PRODUCTS_DIR; };
		271C24201D5A56D8008388D0 /* main.cpp */ = {isa = PBXFileReference; lastKnownFileType = sourcecode.cpp.cpp; path = main.cpp; sourceTree = "<group>"; };
		272745F71D47BB1900B52F88 /* MajorityElement */ = {isa = PBXFileReference; explicitFileType = "compiled.mach-o.executable"; includeInIndex = 0; path = MajorityElement; sourceTree = BUILT_PRODUCTS_DIR; };
		272745F91D47BB1900B52F88 /* main.cpp */ = {isa = PBXFileReference; lastKnownFileType = sourcecode.cpp.cpp; path = main.cpp; sourceTree = "<group>"; };
		272D3EE51D48E2BF00DB801B /* Sorting3WayPartition */ = {isa = PBXFileReference; explicitFileType = "compiled.mach-o.executable"; includeInIndex = 0; path = Sorting3WayPartition; sourceTree = BUILT_PRODUCTS_DIR; };
		272D3EE71D48E2BF00DB801B /* main.cpp */ = {isa = PBXFileReference; lastKnownFileType = sourcecode.cpp.cpp; path = main.cpp; sourceTree = "<group>"; };
		273CE4401D3FB71D009FB3A2 /* MinimumDotProduct */ = {isa = PBXFileReference; explicitFileType = "compiled.mach-o.executable"; includeInIndex = 0; path = MinimumDotProduct; sourceTree = BUILT_PRODUCTS_DIR; };
		273CE4421D3FB71D009FB3A2 /* main.cpp */ = {isa = PBXFileReference; lastKnownFileType = sourcecode.cpp.cpp; path = main.cpp; sourceTree = "<group>"; };
		27537FAF1D521F3400D21A71 /* PrimitiveCalculator */ = {isa = PBXFileReference; explicitFileType = "compiled.mach-o.executable"; includeInIndex = 0; path = PrimitiveCalculator; sourceTree = BUILT_PRODUCTS_DIR; };
		27537FB11D521F3400D21A71 /* main.cpp */ = {isa = PBXFileReference; lastKnownFileType = sourcecode.cpp.cpp; path = main.cpp; sourceTree = "<group>"; };
		2754D92A1D3FC2EC008A924E /* CoveringSegmentsByPoints */ = {isa = PBXFileReference; explicitFileType = "compiled.mach-o.executable"; includeInIndex = 0; path = CoveringSegmentsByPoints; sourceTree = BUILT_PRODUCTS_DIR; };
		2754D92C1D3FC2EC008A924E /* main.cpp */ = {isa = PBXFileReference; lastKnownFileType = sourcecode.cpp.cpp; path = main.cpp; sourceTree = "<group>"; };
		2798EC041D47A85500E8D757 /* BinarySearch */ = {isa = PBXFileReference; explicitFileType = "compiled.mach-o.executable"; includeInIndex = 0; path = BinarySearch; sourceTree = BUILT_PRODUCTS_DIR; };
		2798EC061D47A85500E8D757 /* main.cpp */ = {isa = PBXFileReference; lastKnownFileType = sourcecode.cpp.cpp; path = main.cpp; sourceTree = "<group>"; };
		27DD27D01D356F5A00457EC3 /* main.cpp */ = {isa = PBXFileReference; lastKnownFileType = sourcecode.cpp.cpp; path = main.cpp; sourceTree = "<group>"; };
		27DD27DB1D35743700457EC3 /* AplusB */ = {isa = PBXFileReference; explicitFileType = "compiled.mach-o.executable"; includeInIndex = 0; path = AplusB; sourceTree = BUILT_PRODUCTS_DIR; };
		27DD27E41D3574DC00457EC3 /* main.cpp */ = {isa = PBXFileReference; lastKnownFileType = sourcecode.cpp.cpp; path = main.cpp; sourceTree = "<group>"; };
		27DD27E91D35757000457EC3 /* MaxPairwiseProduct */ = {isa = PBXFileReference; explicitFileType = "compiled.mach-o.executable"; includeInIndex = 0; path = MaxPairwiseProduct; sourceTree = BUILT_PRODUCTS_DIR; };
		27DD27F11D36B46200457EC3 /* .gitignore */ = {isa = PBXFileReference; lastKnownFileType = text; path = .gitignore; sourceTree = "<group>"; };
		27DD27F31D36BF3E00457EC3 /* main.cpp */ = {isa = PBXFileReference; lastKnownFileType = sourcecode.cpp.cpp; path = main.cpp; sourceTree = "<group>"; };
		27DD27F81D36C07900457EC3 /* Fibonacci */ = {isa = PBXFileReference; explicitFileType = "compiled.mach-o.executable"; includeInIndex = 0; path = Fibonacci; sourceTree = BUILT_PRODUCTS_DIR; };
		27DD28031D36D13800457EC3 /* Euclidean */ = {isa = PBXFileReference; explicitFileType = "compiled.mach-o.executable"; includeInIndex = 0; path = Euclidean; sourceTree = BUILT_PRODUCTS_DIR; };
		27DD28051D36D13800457EC3 /* main.cpp */ = {isa = PBXFileReference; lastKnownFileType = sourcecode.cpp.cpp; path = main.cpp; sourceTree = "<group>"; };
		27DD280B1D380F1E00457EC3 /* huge_fib_mod.cpp */ = {isa = PBXFileReference; lastKnownFileType = sourcecode.cpp.cpp; path = huge_fib_mod.cpp; sourceTree = "<group>"; };
		27DD28101D3810D800457EC3 /* HugeFibonacci */ = {isa = PBXFileReference; explicitFileType = "compiled.mach-o.executable"; includeInIndex = 0; path = HugeFibonacci; sourceTree = BUILT_PRODUCTS_DIR; };
		27DD28181D3BF08000457EC3 /* fib.js */ = {isa = PBXFileReference; lastKnownFileType = sourcecode.javascript; path = fib.js; sourceTree = "<group>"; };
		27DD281E1D3E878100457EC3 /* Change */ = {isa = PBXFileReference; explicitFileType = "compiled.mach-o.executable"; includeInIndex = 0; path = Change; sourceTree = BUILT_PRODUCTS_DIR; };
		27DD28201D3E878200457EC3 /* main.cpp */ = {isa = PBXFileReference; lastKnownFileType = sourcecode.cpp.cpp; path = main.cpp; sourceTree = "<group>"; };
		27DD28291D3E8B0300457EC3 /* FractionalKnapsack */ = {isa = PBXFileReference; explicitFileType = "compiled.mach-o.executable"; includeInIndex = 0; path = FractionalKnapsack; sourceTree = BUILT_PRODUCTS_DIR; };
		27DD282B1D3E8B0300457EC3 /* main.cpp */ = {isa = PBXFileReference; lastKnownFileType = sourcecode.cpp.cpp; path = main.cpp; sourceTree = "<group>"; };
		27E650701D412FA7000BD56C /* DifferentSummands */ = {isa = PBXFileReference; explicitFileType = "compiled.mach-o.executable"; includeInIndex = 0; path = DifferentSummands; sourceTree = BUILT_PRODUCTS_DIR; };
		27E650721D412FA7000BD56C /* main.cpp */ = {isa = PBXFileReference; lastKnownFileType = sourcecode.cpp.cpp; path = main.cpp; sourceTree = "<group>"; };
		27EA475F1D50DE44008D1B9F /* PointsAndSegments */ = {isa = PBXFileReference; explicitFileType = "compiled.mach-o.executable"; includeInIndex = 0; path = PointsAndSegments; sourceTree = BUILT_PRODUCTS_DIR; };
		27EA47611D50DE44008D1B9F /* main.cpp */ = {isa = PBXFileReference; lastKnownFileType = sourcecode.cpp.cpp; path = main.cpp; sourceTree = "<group>"; };
		27F015671D492E99009FC0C1 /* NumberOfInversions */ = {isa = PBXFileReference; explicitFileType = "compiled.mach-o.executable"; includeInIndex = 0; path = NumberOfInversions; sourceTree = BUILT_PRODUCTS_DIR; };
		27F015691D492E99009FC0C1 /* main.cpp */ = {isa = PBXFileReference; lastKnownFileType = sourcecode.cpp.cpp; path = main.cpp; sourceTree = "<group>"; };
		27F12DAD1D5CD22F00DD432F /* PlacingParentheses */ = {isa = PBXFileReference; explicitFileType = "compiled.mach-o.executable"; includeInIndex = 0; path = PlacingParentheses; sourceTree = BUILT_PRODUCTS_DIR; };
		27F12DAF1D5CD22F00DD432F /* main.cpp */ = {isa = PBXFileReference; lastKnownFileType = sourcecode.cpp.cpp; path = main.cpp; sourceTree = "<group>"; };
		9B4D19E01D5FA0EA00F94960 /* pp.py */ = {isa = PBXFileReference; lastKnownFileType = text.script.python; path = pp.py; sourceTree = "<group>"; };
		9BCE50DF1D57822700CE6EAF /* Knapsack */ = {isa = PBXFileReference; explicitFileType = "compiled.mach-o.executable"; includeInIndex = 0; path = Knapsack; sourceTree = BUILT_PRODUCTS_DIR; };
		9BCE50E11D57822700CE6EAF /* main.cpp */ = {isa = PBXFileReference; lastKnownFileType = sourcecode.cpp.cpp; path = main.cpp; sourceTree = "<group>"; };
/* End PBXFileReference section */

/* Begin PBXFrameworksBuildPhase section */
		271C241B1D5A56D7008388D0 /* Frameworks */ = {
			isa = PBXFrameworksBuildPhase;
			buildActionMask = 2147483647;
			files = (
			);
			runOnlyForDeploymentPostprocessing = 0;
		};
		272745F41D47BB1900B52F88 /* Frameworks */ = {
			isa = PBXFrameworksBuildPhase;
			buildActionMask = 2147483647;
			files = (
			);
			runOnlyForDeploymentPostprocessing = 0;
		};
		272D3EE21D48E2BF00DB801B /* Frameworks */ = {
			isa = PBXFrameworksBuildPhase;
			buildActionMask = 2147483647;
			files = (
			);
			runOnlyForDeploymentPostprocessing = 0;
		};
		273CE43D1D3FB71D009FB3A2 /* Frameworks */ = {
			isa = PBXFrameworksBuildPhase;
			buildActionMask = 2147483647;
			files = (
			);
			runOnlyForDeploymentPostprocessing = 0;
		};
		27537FAC1D521F3400D21A71 /* Frameworks */ = {
			isa = PBXFrameworksBuildPhase;
			buildActionMask = 2147483647;
			files = (
			);
			runOnlyForDeploymentPostprocessing = 0;
		};
		2754D9271D3FC2EC008A924E /* Frameworks */ = {
			isa = PBXFrameworksBuildPhase;
			buildActionMask = 2147483647;
			files = (
			);
			runOnlyForDeploymentPostprocessing = 0;
		};
		2798EC011D47A85500E8D757 /* Frameworks */ = {
			isa = PBXFrameworksBuildPhase;
			buildActionMask = 2147483647;
			files = (
			);
			runOnlyForDeploymentPostprocessing = 0;
		};
		27DD27D81D35743700457EC3 /* Frameworks */ = {
			isa = PBXFrameworksBuildPhase;
			buildActionMask = 2147483647;
			files = (
			);
			runOnlyForDeploymentPostprocessing = 0;
		};
		27DD27E61D35757000457EC3 /* Frameworks */ = {
			isa = PBXFrameworksBuildPhase;
			buildActionMask = 2147483647;
			files = (
			);
			runOnlyForDeploymentPostprocessing = 0;
		};
		27DD27F51D36C07900457EC3 /* Frameworks */ = {
			isa = PBXFrameworksBuildPhase;
			buildActionMask = 2147483647;
			files = (
			);
			runOnlyForDeploymentPostprocessing = 0;
		};
		27DD28001D36D13800457EC3 /* Frameworks */ = {
			isa = PBXFrameworksBuildPhase;
			buildActionMask = 2147483647;
			files = (
			);
			runOnlyForDeploymentPostprocessing = 0;
		};
		27DD280D1D3810D800457EC3 /* Frameworks */ = {
			isa = PBXFrameworksBuildPhase;
			buildActionMask = 2147483647;
			files = (
			);
			runOnlyForDeploymentPostprocessing = 0;
		};
		27DD281B1D3E878100457EC3 /* Frameworks */ = {
			isa = PBXFrameworksBuildPhase;
			buildActionMask = 2147483647;
			files = (
			);
			runOnlyForDeploymentPostprocessing = 0;
		};
		27DD28261D3E8B0300457EC3 /* Frameworks */ = {
			isa = PBXFrameworksBuildPhase;
			buildActionMask = 2147483647;
			files = (
			);
			runOnlyForDeploymentPostprocessing = 0;
		};
		27E6506D1D412FA7000BD56C /* Frameworks */ = {
			isa = PBXFrameworksBuildPhase;
			buildActionMask = 2147483647;
			files = (
			);
			runOnlyForDeploymentPostprocessing = 0;
		};
		27EA475C1D50DE44008D1B9F /* Frameworks */ = {
			isa = PBXFrameworksBuildPhase;
			buildActionMask = 2147483647;
			files = (
			);
			runOnlyForDeploymentPostprocessing = 0;
		};
		27F015641D492E99009FC0C1 /* Frameworks */ = {
			isa = PBXFrameworksBuildPhase;
			buildActionMask = 2147483647;
			files = (
			);
			runOnlyForDeploymentPostprocessing = 0;
		};
		27F12DAA1D5CD22F00DD432F /* Frameworks */ = {
			isa = PBXFrameworksBuildPhase;
			buildActionMask = 2147483647;
			files = (
			);
			runOnlyForDeploymentPostprocessing = 0;
		};
		9BCE50DC1D57822700CE6EAF /* Frameworks */ = {
			isa = PBXFrameworksBuildPhase;
			buildActionMask = 2147483647;
			files = (
			);
			runOnlyForDeploymentPostprocessing = 0;
		};
/* End PBXFrameworksBuildPhase section */

/* Begin PBXGroup section */
		271C241F1D5A56D7008388D0 /* EditDistance */ = {
			isa = PBXGroup;
			children = (
				271C24201D5A56D8008388D0 /* main.cpp */,
			);
			path = EditDistance;
			sourceTree = "<group>";
		};
		272745F81D47BB1900B52F88 /* MajorityElement */ = {
			isa = PBXGroup;
			children = (
				272745F91D47BB1900B52F88 /* main.cpp */,
			);
			path = MajorityElement;
			sourceTree = "<group>";
		};
		272D3EE61D48E2BF00DB801B /* Sorting3WayPartition */ = {
			isa = PBXGroup;
			children = (
				272D3EE71D48E2BF00DB801B /* main.cpp */,
			);
			path = Sorting3WayPartition;
			sourceTree = "<group>";
		};
		273CE4411D3FB71D009FB3A2 /* MinimumDotProduct */ = {
			isa = PBXGroup;
			children = (
				273CE4421D3FB71D009FB3A2 /* main.cpp */,
			);
			path = MinimumDotProduct;
			sourceTree = "<group>";
		};
		27537FAA1D512F2D00D21A71 /* Week 5 */ = {
			isa = PBXGroup;
			children = (
				27F12DAE1D5CD22F00DD432F /* PlacingParentheses */,
				271C241F1D5A56D7008388D0 /* EditDistance */,
				9BCE50E01D57822700CE6EAF /* Knapsack */,
				27537FB01D521F3400D21A71 /* PrimitiveCalculator */,
			);
			path = "Week 5";
			sourceTree = "<group>";
		};
		27537FB01D521F3400D21A71 /* PrimitiveCalculator */ = {
			isa = PBXGroup;
			children = (
				27537FB11D521F3400D21A71 /* main.cpp */,
			);
			path = PrimitiveCalculator;
			sourceTree = "<group>";
		};
		2754D92B1D3FC2EC008A924E /* CoveringSegmentsByPoints */ = {
			isa = PBXGroup;
			children = (
				2754D92C1D3FC2EC008A924E /* main.cpp */,
			);
			path = CoveringSegmentsByPoints;
			sourceTree = "<group>";
		};
		2798EBFF1D47A82C00E8D757 /* Week 4 */ = {
			isa = PBXGroup;
			children = (
				27EA47601D50DE44008D1B9F /* PointsAndSegments */,
				27F015681D492E99009FC0C1 /* NumberOfInversions */,
				272D3EE61D48E2BF00DB801B /* Sorting3WayPartition */,
				272745F81D47BB1900B52F88 /* MajorityElement */,
				2798EC051D47A85500E8D757 /* BinarySearch */,
			);
			path = "Week 4";
			sourceTree = "<group>";
		};
		2798EC051D47A85500E8D757 /* BinarySearch */ = {
			isa = PBXGroup;
			children = (
				2798EC061D47A85500E8D757 /* main.cpp */,
			);
			path = BinarySearch;
			sourceTree = "<group>";
		};
		27DD27C41D356F5A00457EC3 = {
			isa = PBXGroup;
			children = (
				27537FAA1D512F2D00D21A71 /* Week 5 */,
				2798EBFF1D47A82C00E8D757 /* Week 4 */,
				27DD28191D3E877100457EC3 /* Week 3 */,
				27DD27F21D36BF0500457EC3 /* Fibonacci */,
				27DD27E31D3574B100457EC3 /* Maximum Pairwise Product */,
				27DD27CF1D356F5A00457EC3 /* AplusB */,
				27DD28041D36D13800457EC3 /* Euclidean */,
				27DD27CE1D356F5A00457EC3 /* Products */,
				27DD27F11D36B46200457EC3 /* .gitignore */,
			);
			sourceTree = "<group>";
		};
		27DD27CE1D356F5A00457EC3 /* Products */ = {
			isa = PBXGroup;
			children = (
				27DD27DB1D35743700457EC3 /* AplusB */,
				27DD27E91D35757000457EC3 /* MaxPairwiseProduct */,
				27DD27F81D36C07900457EC3 /* Fibonacci */,
				27DD28031D36D13800457EC3 /* Euclidean */,
				27DD28101D3810D800457EC3 /* HugeFibonacci */,
				27DD281E1D3E878100457EC3 /* Change */,
				27DD28291D3E8B0300457EC3 /* FractionalKnapsack */,
				273CE4401D3FB71D009FB3A2 /* MinimumDotProduct */,
				2754D92A1D3FC2EC008A924E /* CoveringSegmentsByPoints */,
				27E650701D412FA7000BD56C /* DifferentSummands */,
				2798EC041D47A85500E8D757 /* BinarySearch */,
				272745F71D47BB1900B52F88 /* MajorityElement */,
				272D3EE51D48E2BF00DB801B /* Sorting3WayPartition */,
				27F015671D492E99009FC0C1 /* NumberOfInversions */,
				27EA475F1D50DE44008D1B9F /* PointsAndSegments */,
				27537FAF1D521F3400D21A71 /* PrimitiveCalculator */,
				9BCE50DF1D57822700CE6EAF /* Knapsack */,
				271C241E1D5A56D7008388D0 /* EditDistance */,
				27F12DAD1D5CD22F00DD432F /* PlacingParentheses */,
			);
			name = Products;
			sourceTree = "<group>";
		};
		27DD27CF1D356F5A00457EC3 /* AplusB */ = {
			isa = PBXGroup;
			children = (
				27DD27D01D356F5A00457EC3 /* main.cpp */,
			);
			path = AplusB;
			sourceTree = "<group>";
		};
		27DD27E31D3574B100457EC3 /* Maximum Pairwise Product */ = {
			isa = PBXGroup;
			children = (
				27DD27E41D3574DC00457EC3 /* main.cpp */,
			);
			path = "Maximum Pairwise Product";
			sourceTree = "<group>";
		};
		27DD27F21D36BF0500457EC3 /* Fibonacci */ = {
			isa = PBXGroup;
			children = (
				27DD27F31D36BF3E00457EC3 /* main.cpp */,
				27DD280B1D380F1E00457EC3 /* huge_fib_mod.cpp */,
				27DD28181D3BF08000457EC3 /* fib.js */,
			);
			path = Fibonacci;
			sourceTree = "<group>";
		};
		27DD28041D36D13800457EC3 /* Euclidean */ = {
			isa = PBXGroup;
			children = (
				27DD28051D36D13800457EC3 /* main.cpp */,
			);
			path = Euclidean;
			sourceTree = "<group>";
		};
		27DD28191D3E877100457EC3 /* Week 3 */ = {
			isa = PBXGroup;
			children = (
				27E650711D412FA7000BD56C /* DifferentSummands */,
				2754D92B1D3FC2EC008A924E /* CoveringSegmentsByPoints */,
				273CE4411D3FB71D009FB3A2 /* MinimumDotProduct */,
				27DD282A1D3E8B0300457EC3 /* FractionalKnapsack */,
				27DD281F1D3E878200457EC3 /* Change */,
			);
			path = "Week 3";
			sourceTree = "<group>";
		};
		27DD281F1D3E878200457EC3 /* Change */ = {
			isa = PBXGroup;
			children = (
				27DD28201D3E878200457EC3 /* main.cpp */,
			);
			path = Change;
			sourceTree = "<group>";
		};
		27DD282A1D3E8B0300457EC3 /* FractionalKnapsack */ = {
			isa = PBXGroup;
			children = (
				27DD282B1D3E8B0300457EC3 /* main.cpp */,
			);
			path = FractionalKnapsack;
			sourceTree = "<group>";
		};
		27E650711D412FA7000BD56C /* DifferentSummands */ = {
			isa = PBXGroup;
			children = (
				27E650721D412FA7000BD56C /* main.cpp */,
			);
			path = DifferentSummands;
			sourceTree = "<group>";
		};
		27EA47601D50DE44008D1B9F /* PointsAndSegments */ = {
			isa = PBXGroup;
			children = (
				27EA47611D50DE44008D1B9F /* main.cpp */,
			);
			path = PointsAndSegments;
			sourceTree = "<group>";
		};
		27F015681D492E99009FC0C1 /* NumberOfInversions */ = {
			isa = PBXGroup;
			children = (
				27F015691D492E99009FC0C1 /* main.cpp */,
			);
			path = NumberOfInversions;
			sourceTree = "<group>";
		};
		27F12DAE1D5CD22F00DD432F /* PlacingParentheses */ = {
			isa = PBXGroup;
			children = (
				27F12DAF1D5CD22F00DD432F /* main.cpp */,
				9B4D19E01D5FA0EA00F94960 /* pp.py */,
			);
			path = PlacingParentheses;
			sourceTree = "<group>";
		};
		9BCE50E01D57822700CE6EAF /* Knapsack */ = {
			isa = PBXGroup;
			children = (
				9BCE50E11D57822700CE6EAF /* main.cpp */,
			);
			path = Knapsack;
			sourceTree = "<group>";
		};
/* End PBXGroup section */

/* Begin PBXNativeTarget section */
		271C241D1D5A56D7008388D0 /* EditDistance */ = {
			isa = PBXNativeTarget;
			buildConfigurationList = 271C24241D5A56D8008388D0 /* Build configuration list for PBXNativeTarget "EditDistance" */;
			buildPhases = (
				271C241A1D5A56D7008388D0 /* Sources */,
				271C241B1D5A56D7008388D0 /* Frameworks */,
				271C241C1D5A56D7008388D0 /* CopyFiles */,
			);
			buildRules = (
			);
			dependencies = (
			);
			name = EditDistance;
			productName = EditDistance;
			productReference = 271C241E1D5A56D7008388D0 /* EditDistance */;
			productType = "com.apple.product-type.tool";
		};
		272745F61D47BB1900B52F88 /* MajorityElement */ = {
			isa = PBXNativeTarget;
			buildConfigurationList = 272745FD1D47BB1900B52F88 /* Build configuration list for PBXNativeTarget "MajorityElement" */;
			buildPhases = (
				272745F31D47BB1900B52F88 /* Sources */,
				272745F41D47BB1900B52F88 /* Frameworks */,
				272745F51D47BB1900B52F88 /* CopyFiles */,
			);
			buildRules = (
			);
			dependencies = (
			);
			name = MajorityElement;
			productName = MajorityElement;
			productReference = 272745F71D47BB1900B52F88 /* MajorityElement */;
			productType = "com.apple.product-type.tool";
		};
		272D3EE41D48E2BF00DB801B /* Sorting3WayPartition */ = {
			isa = PBXNativeTarget;
			buildConfigurationList = 272D3EE91D48E2BF00DB801B /* Build configuration list for PBXNativeTarget "Sorting3WayPartition" */;
			buildPhases = (
				272D3EE11D48E2BF00DB801B /* Sources */,
				272D3EE21D48E2BF00DB801B /* Frameworks */,
				272D3EE31D48E2BF00DB801B /* CopyFiles */,
			);
			buildRules = (
			);
			dependencies = (
			);
			name = Sorting3WayPartition;
			productName = Sorting3WayPartition;
			productReference = 272D3EE51D48E2BF00DB801B /* Sorting3WayPartition */;
			productType = "com.apple.product-type.tool";
		};
		273CE43F1D3FB71D009FB3A2 /* MinimumDotProduct */ = {
			isa = PBXNativeTarget;
			buildConfigurationList = 273CE4461D3FB71D009FB3A2 /* Build configuration list for PBXNativeTarget "MinimumDotProduct" */;
			buildPhases = (
				273CE43C1D3FB71D009FB3A2 /* Sources */,
				273CE43D1D3FB71D009FB3A2 /* Frameworks */,
				273CE43E1D3FB71D009FB3A2 /* CopyFiles */,
			);
			buildRules = (
			);
			dependencies = (
			);
			name = MinimumDotProduct;
			productName = MinimumDotProduct;
			productReference = 273CE4401D3FB71D009FB3A2 /* MinimumDotProduct */;
			productType = "com.apple.product-type.tool";
		};
		27537FAE1D521F3400D21A71 /* PrimitiveCalculator */ = {
			isa = PBXNativeTarget;
			buildConfigurationList = 27537FB31D521F3400D21A71 /* Build configuration list for PBXNativeTarget "PrimitiveCalculator" */;
			buildPhases = (
				27537FAB1D521F3400D21A71 /* Sources */,
				27537FAC1D521F3400D21A71 /* Frameworks */,
				27537FAD1D521F3400D21A71 /* CopyFiles */,
			);
			buildRules = (
			);
			dependencies = (
			);
			name = PrimitiveCalculator;
			productName = PrimitiveCalculator;
			productReference = 27537FAF1D521F3400D21A71 /* PrimitiveCalculator */;
			productType = "com.apple.product-type.tool";
		};
		2754D9291D3FC2EC008A924E /* CoveringSegmentsByPoints */ = {
			isa = PBXNativeTarget;
			buildConfigurationList = 2754D9301D3FC2EC008A924E /* Build configuration list for PBXNativeTarget "CoveringSegmentsByPoints" */;
			buildPhases = (
				2754D9261D3FC2EC008A924E /* Sources */,
				2754D9271D3FC2EC008A924E /* Frameworks */,
				2754D9281D3FC2EC008A924E /* CopyFiles */,
			);
			buildRules = (
			);
			dependencies = (
			);
			name = CoveringSegmentsByPoints;
			productName = CoveringSegmentsByPoints;
			productReference = 2754D92A1D3FC2EC008A924E /* CoveringSegmentsByPoints */;
			productType = "com.apple.product-type.tool";
		};
		2798EC031D47A85500E8D757 /* BinarySearch */ = {
			isa = PBXNativeTarget;
			buildConfigurationList = 2798EC081D47A85500E8D757 /* Build configuration list for PBXNativeTarget "BinarySearch" */;
			buildPhases = (
				2798EC001D47A85500E8D757 /* Sources */,
				2798EC011D47A85500E8D757 /* Frameworks */,
				2798EC021D47A85500E8D757 /* CopyFiles */,
			);
			buildRules = (
			);
			dependencies = (
			);
			name = BinarySearch;
			productName = BinarySearch;
			productReference = 2798EC041D47A85500E8D757 /* BinarySearch */;
			productType = "com.apple.product-type.tool";
		};
		27DD27DA1D35743700457EC3 /* AplusB */ = {
			isa = PBXNativeTarget;
			buildConfigurationList = 27DD27DF1D35743700457EC3 /* Build configuration list for PBXNativeTarget "AplusB" */;
			buildPhases = (
				27DD27D71D35743700457EC3 /* Sources */,
				27DD27D81D35743700457EC3 /* Frameworks */,
				27DD27D91D35743700457EC3 /* CopyFiles */,
			);
			buildRules = (
			);
			dependencies = (
			);
			name = AplusB;
			productName = AplusB;
			productReference = 27DD27DB1D35743700457EC3 /* AplusB */;
			productType = "com.apple.product-type.tool";
		};
		27DD27E81D35757000457EC3 /* MaxPairwiseProduct */ = {
			isa = PBXNativeTarget;
			buildConfigurationList = 27DD27ED1D35757000457EC3 /* Build configuration list for PBXNativeTarget "MaxPairwiseProduct" */;
			buildPhases = (
				27DD27E51D35757000457EC3 /* Sources */,
				27DD27E61D35757000457EC3 /* Frameworks */,
				27DD27E71D35757000457EC3 /* CopyFiles */,
			);
			buildRules = (
			);
			dependencies = (
			);
			name = MaxPairwiseProduct;
			productName = MaxPairwiseProduct;
			productReference = 27DD27E91D35757000457EC3 /* MaxPairwiseProduct */;
			productType = "com.apple.product-type.tool";
		};
		27DD27F71D36C07900457EC3 /* Fibonacci */ = {
			isa = PBXNativeTarget;
			buildConfigurationList = 27DD27FC1D36C07900457EC3 /* Build configuration list for PBXNativeTarget "Fibonacci" */;
			buildPhases = (
				27DD27F41D36C07900457EC3 /* Sources */,
				27DD27F51D36C07900457EC3 /* Frameworks */,
				27DD27F61D36C07900457EC3 /* CopyFiles */,
			);
			buildRules = (
			);
			dependencies = (
			);
			name = Fibonacci;
			productName = Fibonacci;
			productReference = 27DD27F81D36C07900457EC3 /* Fibonacci */;
			productType = "com.apple.product-type.tool";
		};
		27DD28021D36D13800457EC3 /* Euclidean */ = {
			isa = PBXNativeTarget;
			buildConfigurationList = 27DD28071D36D13800457EC3 /* Build configuration list for PBXNativeTarget "Euclidean" */;
			buildPhases = (
				27DD27FF1D36D13800457EC3 /* Sources */,
				27DD28001D36D13800457EC3 /* Frameworks */,
				27DD28011D36D13800457EC3 /* CopyFiles */,
			);
			buildRules = (
			);
			dependencies = (
			);
			name = Euclidean;
			productName = Euclidean;
			productReference = 27DD28031D36D13800457EC3 /* Euclidean */;
			productType = "com.apple.product-type.tool";
		};
		27DD280F1D3810D800457EC3 /* HugeFibonacci */ = {
			isa = PBXNativeTarget;
			buildConfigurationList = 27DD28141D3810D800457EC3 /* Build configuration list for PBXNativeTarget "HugeFibonacci" */;
			buildPhases = (
				27DD280C1D3810D800457EC3 /* Sources */,
				27DD280D1D3810D800457EC3 /* Frameworks */,
				27DD280E1D3810D800457EC3 /* CopyFiles */,
			);
			buildRules = (
			);
			dependencies = (
			);
			name = HugeFibonacci;
			productName = HugeFibonacci;
			productReference = 27DD28101D3810D800457EC3 /* HugeFibonacci */;
			productType = "com.apple.product-type.tool";
		};
		27DD281D1D3E878100457EC3 /* Change */ = {
			isa = PBXNativeTarget;
			buildConfigurationList = 27DD28221D3E878200457EC3 /* Build configuration list for PBXNativeTarget "Change" */;
			buildPhases = (
				27DD281A1D3E878100457EC3 /* Sources */,
				27DD281B1D3E878100457EC3 /* Frameworks */,
				27DD281C1D3E878100457EC3 /* CopyFiles */,
			);
			buildRules = (
			);
			dependencies = (
			);
			name = Change;
			productName = Change;
			productReference = 27DD281E1D3E878100457EC3 /* Change */;
			productType = "com.apple.product-type.tool";
		};
		27DD28281D3E8B0300457EC3 /* FractionalKnapsack */ = {
			isa = PBXNativeTarget;
			buildConfigurationList = 27DD282D1D3E8B0300457EC3 /* Build configuration list for PBXNativeTarget "FractionalKnapsack" */;
			buildPhases = (
				27DD28251D3E8B0300457EC3 /* Sources */,
				27DD28261D3E8B0300457EC3 /* Frameworks */,
				27DD28271D3E8B0300457EC3 /* CopyFiles */,
			);
			buildRules = (
			);
			dependencies = (
			);
			name = FractionalKnapsack;
			productName = FractionalKnapsack;
			productReference = 27DD28291D3E8B0300457EC3 /* FractionalKnapsack */;
			productType = "com.apple.product-type.tool";
		};
		27E6506F1D412FA7000BD56C /* DifferentSummands */ = {
			isa = PBXNativeTarget;
			buildConfigurationList = 27E650741D412FA7000BD56C /* Build configuration list for PBXNativeTarget "DifferentSummands" */;
			buildPhases = (
				27E6506C1D412FA7000BD56C /* Sources */,
				27E6506D1D412FA7000BD56C /* Frameworks */,
				27E6506E1D412FA7000BD56C /* CopyFiles */,
			);
			buildRules = (
			);
			dependencies = (
			);
			name = DifferentSummands;
			productName = DifferentSummands;
			productReference = 27E650701D412FA7000BD56C /* DifferentSummands */;
			productType = "com.apple.product-type.tool";
		};
		27EA475E1D50DE44008D1B9F /* PointsAndSegments */ = {
			isa = PBXNativeTarget;
			buildConfigurationList = 27EA47651D50DE44008D1B9F /* Build configuration list for PBXNativeTarget "PointsAndSegments" */;
			buildPhases = (
				27EA475B1D50DE44008D1B9F /* Sources */,
				27EA475C1D50DE44008D1B9F /* Frameworks */,
				27EA475D1D50DE44008D1B9F /* CopyFiles */,
			);
			buildRules = (
			);
			dependencies = (
			);
			name = PointsAndSegments;
			productName = PointsAndSegments;
			productReference = 27EA475F1D50DE44008D1B9F /* PointsAndSegments */;
			productType = "com.apple.product-type.tool";
		};
		27F015661D492E99009FC0C1 /* NumberOfInversions */ = {
			isa = PBXNativeTarget;
			buildConfigurationList = 27F0156D1D492E99009FC0C1 /* Build configuration list for PBXNativeTarget "NumberOfInversions" */;
			buildPhases = (
				27F015631D492E99009FC0C1 /* Sources */,
				27F015641D492E99009FC0C1 /* Frameworks */,
				27F015651D492E99009FC0C1 /* CopyFiles */,
			);
			buildRules = (
			);
			dependencies = (
			);
			name = NumberOfInversions;
			productName = NumberOfInversions;
			productReference = 27F015671D492E99009FC0C1 /* NumberOfInversions */;
			productType = "com.apple.product-type.tool";
		};
		27F12DAC1D5CD22F00DD432F /* PlacingParentheses */ = {
			isa = PBXNativeTarget;
			buildConfigurationList = 27F12DB31D5CD22F00DD432F /* Build configuration list for PBXNativeTarget "PlacingParentheses" */;
			buildPhases = (
				27F12DA91D5CD22F00DD432F /* Sources */,
				27F12DAA1D5CD22F00DD432F /* Frameworks */,
				27F12DAB1D5CD22F00DD432F /* CopyFiles */,
			);
			buildRules = (
			);
			dependencies = (
			);
			name = PlacingParentheses;
			productName = PlacingParentheses;
			productReference = 27F12DAD1D5CD22F00DD432F /* PlacingParentheses */;
			productType = "com.apple.product-type.tool";
		};
		9BCE50DE1D57822700CE6EAF /* Knapsack */ = {
			isa = PBXNativeTarget;
			buildConfigurationList = 9BCE50E51D57822700CE6EAF /* Build configuration list for PBXNativeTarget "Knapsack" */;
			buildPhases = (
				9BCE50DB1D57822700CE6EAF /* Sources */,
				9BCE50DC1D57822700CE6EAF /* Frameworks */,
				9BCE50DD1D57822700CE6EAF /* CopyFiles */,
			);
			buildRules = (
			);
			dependencies = (
			);
			name = Knapsack;
			productName = Knapsack;
			productReference = 9BCE50DF1D57822700CE6EAF /* Knapsack */;
			productType = "com.apple.product-type.tool";
		};
/* End PBXNativeTarget section */

/* Begin PBXProject section */
		27DD27C51D356F5A00457EC3 /* Project object */ = {
			isa = PBXProject;
			attributes = {
				LastUpgradeCheck = 0730;
				ORGANIZATIONNAME = "Mike Caley";
				TargetAttributes = {
					271C241D1D5A56D7008388D0 = {
						CreatedOnToolsVersion = 7.3.1;
					};
					272745F61D47BB1900B52F88 = {
						CreatedOnToolsVersion = 7.3.1;
					};
					272D3EE41D48E2BF00DB801B = {
						CreatedOnToolsVersion = 7.3.1;
					};
					273CE43F1D3FB71D009FB3A2 = {
						CreatedOnToolsVersion = 7.3.1;
					};
					27537FAE1D521F3400D21A71 = {
						CreatedOnToolsVersion = 7.3.1;
					};
					2754D9291D3FC2EC008A924E = {
						CreatedOnToolsVersion = 7.3.1;
					};
					2798EC031D47A85500E8D757 = {
						CreatedOnToolsVersion = 7.3.1;
					};
					27DD27DA1D35743700457EC3 = {
						CreatedOnToolsVersion = 7.3.1;
					};
					27DD27E81D35757000457EC3 = {
						CreatedOnToolsVersion = 7.3.1;
					};
					27DD27F71D36C07900457EC3 = {
						CreatedOnToolsVersion = 7.3.1;
					};
					27DD28021D36D13800457EC3 = {
						CreatedOnToolsVersion = 7.3.1;
					};
					27DD280F1D3810D800457EC3 = {
						CreatedOnToolsVersion = 7.3.1;
					};
					27DD281D1D3E878100457EC3 = {
						CreatedOnToolsVersion = 7.3.1;
					};
					27DD28281D3E8B0300457EC3 = {
						CreatedOnToolsVersion = 7.3.1;
					};
					27E6506F1D412FA7000BD56C = {
						CreatedOnToolsVersion = 7.3.1;
					};
					27EA475E1D50DE44008D1B9F = {
						CreatedOnToolsVersion = 7.3.1;
					};
					27F015661D492E99009FC0C1 = {
						CreatedOnToolsVersion = 7.3.1;
					};
					27F12DAC1D5CD22F00DD432F = {
						CreatedOnToolsVersion = 7.3.1;
					};
					9BCE50DE1D57822700CE6EAF = {
						CreatedOnToolsVersion = 7.3.1;
					};
				};
			};
			buildConfigurationList = 27DD27C81D356F5A00457EC3 /* Build configuration list for PBXProject "Algorithms" */;
			compatibilityVersion = "Xcode 3.2";
			developmentRegion = English;
			hasScannedForEncodings = 0;
			knownRegions = (
				en,
			);
			mainGroup = 27DD27C41D356F5A00457EC3;
			productRefGroup = 27DD27CE1D356F5A00457EC3 /* Products */;
			projectDirPath = "";
			projectRoot = "";
			targets = (
				27DD27DA1D35743700457EC3 /* AplusB */,
				27DD27E81D35757000457EC3 /* MaxPairwiseProduct */,
				27DD27F71D36C07900457EC3 /* Fibonacci */,
				27DD28021D36D13800457EC3 /* Euclidean */,
				27DD280F1D3810D800457EC3 /* HugeFibonacci */,
				27DD281D1D3E878100457EC3 /* Change */,
				27DD28281D3E8B0300457EC3 /* FractionalKnapsack */,
				273CE43F1D3FB71D009FB3A2 /* MinimumDotProduct */,
				2754D9291D3FC2EC008A924E /* CoveringSegmentsByPoints */,
				27E6506F1D412FA7000BD56C /* DifferentSummands */,
				2798EC031D47A85500E8D757 /* BinarySearch */,
				272745F61D47BB1900B52F88 /* MajorityElement */,
				272D3EE41D48E2BF00DB801B /* Sorting3WayPartition */,
				27F015661D492E99009FC0C1 /* NumberOfInversions */,
				27EA475E1D50DE44008D1B9F /* PointsAndSegments */,
				27537FAE1D521F3400D21A71 /* PrimitiveCalculator */,
				9BCE50DE1D57822700CE6EAF /* Knapsack */,
				271C241D1D5A56D7008388D0 /* EditDistance */,
				27F12DAC1D5CD22F00DD432F /* PlacingParentheses */,
			);
		};
/* End PBXProject section */

/* Begin PBXSourcesBuildPhase section */
		271C241A1D5A56D7008388D0 /* Sources */ = {
			isa = PBXSourcesBuildPhase;
			buildActionMask = 2147483647;
			files = (
				271C24211D5A56D8008388D0 /* main.cpp in Sources */,
			);
			runOnlyForDeploymentPostprocessing = 0;
		};
		272745F31D47BB1900B52F88 /* Sources */ = {
			isa = PBXSourcesBuildPhase;
			buildActionMask = 2147483647;
			files = (
				272745FA1D47BB1900B52F88 /* main.cpp in Sources */,
			);
			runOnlyForDeploymentPostprocessing = 0;
		};
		272D3EE11D48E2BF00DB801B /* Sources */ = {
			isa = PBXSourcesBuildPhase;
			buildActionMask = 2147483647;
			files = (
				272D3EE81D48E2BF00DB801B /* main.cpp in Sources */,
			);
			runOnlyForDeploymentPostprocessing = 0;
		};
		273CE43C1D3FB71D009FB3A2 /* Sources */ = {
			isa = PBXSourcesBuildPhase;
			buildActionMask = 2147483647;
			files = (
				273CE4431D3FB71D009FB3A2 /* main.cpp in Sources */,
			);
			runOnlyForDeploymentPostprocessing = 0;
		};
		27537FAB1D521F3400D21A71 /* Sources */ = {
			isa = PBXSourcesBuildPhase;
			buildActionMask = 2147483647;
			files = (
				27537FB21D521F3400D21A71 /* main.cpp in Sources */,
			);
			runOnlyForDeploymentPostprocessing = 0;
		};
		2754D9261D3FC2EC008A924E /* Sources */ = {
			isa = PBXSourcesBuildPhase;
			buildActionMask = 2147483647;
			files = (
				2754D92D1D3FC2EC008A924E /* main.cpp in Sources */,
			);
			runOnlyForDeploymentPostprocessing = 0;
		};
		2798EC001D47A85500E8D757 /* Sources */ = {
			isa = PBXSourcesBuildPhase;
			buildActionMask = 2147483647;
			files = (
				2798EC071D47A85500E8D757 /* main.cpp in Sources */,
			);
			runOnlyForDeploymentPostprocessing = 0;
		};
		27DD27D71D35743700457EC3 /* Sources */ = {
			isa = PBXSourcesBuildPhase;
			buildActionMask = 2147483647;
			files = (
				27DD27E21D35749600457EC3 /* main.cpp in Sources */,
			);
			runOnlyForDeploymentPostprocessing = 0;
		};
		27DD27E51D35757000457EC3 /* Sources */ = {
			isa = PBXSourcesBuildPhase;
			buildActionMask = 2147483647;
			files = (
				27DD27F01D35757600457EC3 /* main.cpp in Sources */,
			);
			runOnlyForDeploymentPostprocessing = 0;
		};
		27DD27F41D36C07900457EC3 /* Sources */ = {
			isa = PBXSourcesBuildPhase;
			buildActionMask = 2147483647;
			files = (
				27DD280A1D38061400457EC3 /* main.cpp in Sources */,
			);
			runOnlyForDeploymentPostprocessing = 0;
		};
		27DD27FF1D36D13800457EC3 /* Sources */ = {
			isa = PBXSourcesBuildPhase;
			buildActionMask = 2147483647;
			files = (
				27DD28061D36D13800457EC3 /* main.cpp in Sources */,
			);
			runOnlyForDeploymentPostprocessing = 0;
		};
		27DD280C1D3810D800457EC3 /* Sources */ = {
			isa = PBXSourcesBuildPhase;
			buildActionMask = 2147483647;
			files = (
				27DD28171D3810E000457EC3 /* huge_fib_mod.cpp in Sources */,
			);
			runOnlyForDeploymentPostprocessing = 0;
		};
		27DD281A1D3E878100457EC3 /* Sources */ = {
			isa = PBXSourcesBuildPhase;
			buildActionMask = 2147483647;
			files = (
				27DD28211D3E878200457EC3 /* main.cpp in Sources */,
			);
			runOnlyForDeploymentPostprocessing = 0;
		};
		27DD28251D3E8B0300457EC3 /* Sources */ = {
			isa = PBXSourcesBuildPhase;
			buildActionMask = 2147483647;
			files = (
				27DD282C1D3E8B0300457EC3 /* main.cpp in Sources */,
			);
			runOnlyForDeploymentPostprocessing = 0;
		};
		27E6506C1D412FA7000BD56C /* Sources */ = {
			isa = PBXSourcesBuildPhase;
			buildActionMask = 2147483647;
			files = (
				27E650731D412FA7000BD56C /* main.cpp in Sources */,
			);
			runOnlyForDeploymentPostprocessing = 0;
		};
		27EA475B1D50DE44008D1B9F /* Sources */ = {
			isa = PBXSourcesBuildPhase;
			buildActionMask = 2147483647;
			files = (
				27EA47621D50DE44008D1B9F /* main.cpp in Sources */,
			);
			runOnlyForDeploymentPostprocessing = 0;
		};
		27F015631D492E99009FC0C1 /* Sources */ = {
			isa = PBXSourcesBuildPhase;
			buildActionMask = 2147483647;
			files = (
				27F0156A1D492E99009FC0C1 /* main.cpp in Sources */,
			);
			runOnlyForDeploymentPostprocessing = 0;
		};
		27F12DA91D5CD22F00DD432F /* Sources */ = {
			isa = PBXSourcesBuildPhase;
			buildActionMask = 2147483647;
			files = (
				27F12DB01D5CD22F00DD432F /* main.cpp in Sources */,
			);
			runOnlyForDeploymentPostprocessing = 0;
		};
		9BCE50DB1D57822700CE6EAF /* Sources */ = {
			isa = PBXSourcesBuildPhase;
			buildActionMask = 2147483647;
			files = (
				9BCE50E21D57822700CE6EAF /* main.cpp in Sources */,
			);
			runOnlyForDeploymentPostprocessing = 0;
		};
/* End PBXSourcesBuildPhase section */

/* Begin XCBuildConfiguration section */
		271C24221D5A56D8008388D0 /* Debug */ = {
			isa = XCBuildConfiguration;
			buildSettings = {
				CLANG_CXX_LANGUAGE_STANDARD = "gnu++0x";
				PRODUCT_NAME = "$(TARGET_NAME)";
			};
			name = Debug;
		};
		271C24231D5A56D8008388D0 /* Release */ = {
			isa = XCBuildConfiguration;
			buildSettings = {
				CLANG_CXX_LANGUAGE_STANDARD = "gnu++0x";
				PRODUCT_NAME = "$(TARGET_NAME)";
			};
			name = Release;
		};
		272745FB1D47BB1900B52F88 /* Debug */ = {
			isa = XCBuildConfiguration;
			buildSettings = {
				CLANG_CXX_LANGUAGE_STANDARD = "gnu++0x";
				PRODUCT_NAME = "$(TARGET_NAME)";
			};
			name = Debug;
		};
		272745FC1D47BB1900B52F88 /* Release */ = {
			isa = XCBuildConfiguration;
			buildSettings = {
				CLANG_CXX_LANGUAGE_STANDARD = "gnu++0x";
				PRODUCT_NAME = "$(TARGET_NAME)";
			};
			name = Release;
		};
		272D3EEA1D48E2BF00DB801B /* Debug */ = {
			isa = XCBuildConfiguration;
			buildSettings = {
				CLANG_CXX_LANGUAGE_STANDARD = "gnu++0x";
				PRODUCT_NAME = "$(TARGET_NAME)";
			};
			name = Debug;
		};
		272D3EEB1D48E2BF00DB801B /* Release */ = {
			isa = XCBuildConfiguration;
			buildSettings = {
				CLANG_CXX_LANGUAGE_STANDARD = "gnu++0x";
				PRODUCT_NAME = "$(TARGET_NAME)";
			};
			name = Release;
		};
		273CE4441D3FB71D009FB3A2 /* Debug */ = {
			isa = XCBuildConfiguration;
			buildSettings = {
				CLANG_CXX_LANGUAGE_STANDARD = "gnu++0x";
				PRODUCT_NAME = "$(TARGET_NAME)";
			};
			name = Debug;
		};
		273CE4451D3FB71D009FB3A2 /* Release */ = {
			isa = XCBuildConfiguration;
			buildSettings = {
				CLANG_CXX_LANGUAGE_STANDARD = "gnu++0x";
				PRODUCT_NAME = "$(TARGET_NAME)";
			};
			name = Release;
		};
		27537FB41D521F3400D21A71 /* Debug */ = {
			isa = XCBuildConfiguration;
			buildSettings = {
				CLANG_CXX_LANGUAGE_STANDARD = "gnu++0x";
				PRODUCT_NAME = "$(TARGET_NAME)";
			};
			name = Debug;
		};
		27537FB51D521F3400D21A71 /* Release */ = {
			isa = XCBuildConfiguration;
			buildSettings = {
				CLANG_CXX_LANGUAGE_STANDARD = "gnu++0x";
				PRODUCT_NAME = "$(TARGET_NAME)";
			};
			name = Release;
		};
		2754D92E1D3FC2EC008A924E /* Debug */ = {
			isa = XCBuildConfiguration;
			buildSettings = {
				CLANG_CXX_LANGUAGE_STANDARD = "gnu++0x";
				PRODUCT_NAME = "$(TARGET_NAME)";
			};
			name = Debug;
		};
		2754D92F1D3FC2EC008A924E /* Release */ = {
			isa = XCBuildConfiguration;
			buildSettings = {
				CLANG_CXX_LANGUAGE_STANDARD = "gnu++0x";
				PRODUCT_NAME = "$(TARGET_NAME)";
			};
			name = Release;
		};
		2798EC091D47A85500E8D757 /* Debug */ = {
			isa = XCBuildConfiguration;
			buildSettings = {
				CLANG_CXX_LANGUAGE_STANDARD = "gnu++0x";
				PRODUCT_NAME = "$(TARGET_NAME)";
			};
			name = Debug;
		};
		2798EC0A1D47A85500E8D757 /* Release */ = {
			isa = XCBuildConfiguration;
			buildSettings = {
				CLANG_CXX_LANGUAGE_STANDARD = "gnu++0x";
				PRODUCT_NAME = "$(TARGET_NAME)";
			};
			name = Release;
		};
		27DD27D21D356F5A00457EC3 /* Debug */ = {
			isa = XCBuildConfiguration;
			buildSettings = {
				ALWAYS_SEARCH_USER_PATHS = NO;
				CLANG_ANALYZER_NONNULL = YES;
				CLANG_CXX_LANGUAGE_STANDARD = "c++0x";
				CLANG_CXX_LIBRARY = "libc++";
				CLANG_ENABLE_MODULES = YES;
				CLANG_ENABLE_OBJC_ARC = YES;
				CLANG_WARN_BOOL_CONVERSION = YES;
				CLANG_WARN_CONSTANT_CONVERSION = YES;
				CLANG_WARN_DIRECT_OBJC_ISA_USAGE = YES_ERROR;
				CLANG_WARN_EMPTY_BODY = YES;
				CLANG_WARN_ENUM_CONVERSION = YES;
				CLANG_WARN_INT_CONVERSION = YES;
				CLANG_WARN_OBJC_ROOT_CLASS = YES_ERROR;
				CLANG_WARN_UNREACHABLE_CODE = YES;
				CLANG_WARN__DUPLICATE_METHOD_MATCH = YES;
				CODE_SIGN_IDENTITY = "-";
				COPY_PHASE_STRIP = NO;
				DEBUG_INFORMATION_FORMAT = dwarf;
				ENABLE_STRICT_OBJC_MSGSEND = YES;
				ENABLE_TESTABILITY = YES;
				GCC_C_LANGUAGE_STANDARD = gnu99;
				GCC_DYNAMIC_NO_PIC = NO;
				GCC_NO_COMMON_BLOCKS = YES;
				GCC_OPTIMIZATION_LEVEL = 0;
				GCC_PREPROCESSOR_DEFINITIONS = (
					"DEBUG=1",
					"$(inherited)",
				);
				GCC_WARN_64_TO_32_BIT_CONVERSION = YES;
				GCC_WARN_ABOUT_RETURN_TYPE = YES_ERROR;
				GCC_WARN_UNDECLARED_SELECTOR = YES;
				GCC_WARN_UNINITIALIZED_AUTOS = YES_AGGRESSIVE;
				GCC_WARN_UNUSED_FUNCTION = YES;
				GCC_WARN_UNUSED_VARIABLE = YES;
				MACOSX_DEPLOYMENT_TARGET = 10.11;
				MTL_ENABLE_DEBUG_INFO = YES;
				ONLY_ACTIVE_ARCH = YES;
				SDKROOT = macosx;
			};
			name = Debug;
		};
		27DD27D31D356F5A00457EC3 /* Release */ = {
			isa = XCBuildConfiguration;
			buildSettings = {
				ALWAYS_SEARCH_USER_PATHS = NO;
				CLANG_ANALYZER_NONNULL = YES;
				CLANG_CXX_LANGUAGE_STANDARD = "c++0x";
				CLANG_CXX_LIBRARY = "libc++";
				CLANG_ENABLE_MODULES = YES;
				CLANG_ENABLE_OBJC_ARC = YES;
				CLANG_WARN_BOOL_CONVERSION = YES;
				CLANG_WARN_CONSTANT_CONVERSION = YES;
				CLANG_WARN_DIRECT_OBJC_ISA_USAGE = YES_ERROR;
				CLANG_WARN_EMPTY_BODY = YES;
				CLANG_WARN_ENUM_CONVERSION = YES;
				CLANG_WARN_INT_CONVERSION = YES;
				CLANG_WARN_OBJC_ROOT_CLASS = YES_ERROR;
				CLANG_WARN_UNREACHABLE_CODE = YES;
				CLANG_WARN__DUPLICATE_METHOD_MATCH = YES;
				CODE_SIGN_IDENTITY = "-";
				COPY_PHASE_STRIP = NO;
				DEBUG_INFORMATION_FORMAT = "dwarf-with-dsym";
				ENABLE_NS_ASSERTIONS = NO;
				ENABLE_STRICT_OBJC_MSGSEND = YES;
				GCC_C_LANGUAGE_STANDARD = gnu99;
				GCC_NO_COMMON_BLOCKS = YES;
				GCC_WARN_64_TO_32_BIT_CONVERSION = YES;
				GCC_WARN_ABOUT_RETURN_TYPE = YES_ERROR;
				GCC_WARN_UNDECLARED_SELECTOR = YES;
				GCC_WARN_UNINITIALIZED_AUTOS = YES_AGGRESSIVE;
				GCC_WARN_UNUSED_FUNCTION = YES;
				GCC_WARN_UNUSED_VARIABLE = YES;
				MACOSX_DEPLOYMENT_TARGET = 10.11;
				MTL_ENABLE_DEBUG_INFO = NO;
				SDKROOT = macosx;
			};
			name = Release;
		};
		27DD27E01D35743700457EC3 /* Debug */ = {
			isa = XCBuildConfiguration;
			buildSettings = {
				PRODUCT_NAME = "$(TARGET_NAME)";
			};
			name = Debug;
		};
		27DD27E11D35743700457EC3 /* Release */ = {
			isa = XCBuildConfiguration;
			buildSettings = {
				PRODUCT_NAME = "$(TARGET_NAME)";
			};
			name = Release;
		};
		27DD27EE1D35757000457EC3 /* Debug */ = {
			isa = XCBuildConfiguration;
			buildSettings = {
				CLANG_CXX_LANGUAGE_STANDARD = "gnu++0x";
				PRODUCT_NAME = "$(TARGET_NAME)";
			};
			name = Debug;
		};
		27DD27EF1D35757000457EC3 /* Release */ = {
			isa = XCBuildConfiguration;
			buildSettings = {
				CLANG_CXX_LANGUAGE_STANDARD = "gnu++0x";
				PRODUCT_NAME = "$(TARGET_NAME)";
			};
			name = Release;
		};
		27DD27FD1D36C07900457EC3 /* Debug */ = {
			isa = XCBuildConfiguration;
			buildSettings = {
				CLANG_CXX_LANGUAGE_STANDARD = "gnu++0x";
				PRODUCT_NAME = "$(TARGET_NAME)";
			};
			name = Debug;
		};
		27DD27FE1D36C07900457EC3 /* Release */ = {
			isa = XCBuildConfiguration;
			buildSettings = {
				CLANG_CXX_LANGUAGE_STANDARD = "gnu++0x";
				PRODUCT_NAME = "$(TARGET_NAME)";
			};
			name = Release;
		};
		27DD28081D36D13800457EC3 /* Debug */ = {
			isa = XCBuildConfiguration;
			buildSettings = {
				CLANG_CXX_LANGUAGE_STANDARD = "gnu++0x";
				PRODUCT_NAME = "$(TARGET_NAME)";
			};
			name = Debug;
		};
		27DD28091D36D13800457EC3 /* Release */ = {
			isa = XCBuildConfiguration;
			buildSettings = {
				CLANG_CXX_LANGUAGE_STANDARD = "gnu++0x";
				PRODUCT_NAME = "$(TARGET_NAME)";
			};
			name = Release;
		};
		27DD28151D3810D800457EC3 /* Debug */ = {
			isa = XCBuildConfiguration;
			buildSettings = {
				CLANG_CXX_LANGUAGE_STANDARD = "gnu++0x";
				PRODUCT_NAME = "$(TARGET_NAME)";
			};
			name = Debug;
		};
		27DD28161D3810D800457EC3 /* Release */ = {
			isa = XCBuildConfiguration;
			buildSettings = {
				CLANG_CXX_LANGUAGE_STANDARD = "gnu++0x";
				PRODUCT_NAME = "$(TARGET_NAME)";
			};
			name = Release;
		};
		27DD28231D3E878200457EC3 /* Debug */ = {
			isa = XCBuildConfiguration;
			buildSettings = {
				CLANG_CXX_LANGUAGE_STANDARD = "gnu++0x";
				PRODUCT_NAME = "$(TARGET_NAME)";
			};
			name = Debug;
		};
		27DD28241D3E878200457EC3 /* Release */ = {
			isa = XCBuildConfiguration;
			buildSettings = {
				CLANG_CXX_LANGUAGE_STANDARD = "gnu++0x";
				PRODUCT_NAME = "$(TARGET_NAME)";
			};
			name = Release;
		};
		27DD282E1D3E8B0300457EC3 /* Debug */ = {
			isa = XCBuildConfiguration;
			buildSettings = {
				CLANG_CXX_LANGUAGE_STANDARD = "gnu++0x";
				PRODUCT_NAME = "$(TARGET_NAME)";
			};
			name = Debug;
		};
		27DD282F1D3E8B0300457EC3 /* Release */ = {
			isa = XCBuildConfiguration;
			buildSettings = {
				CLANG_CXX_LANGUAGE_STANDARD = "gnu++0x";
				PRODUCT_NAME = "$(TARGET_NAME)";
			};
			name = Release;
		};
		27E650751D412FA7000BD56C /* Debug */ = {
			isa = XCBuildConfiguration;
			buildSettings = {
				CLANG_CXX_LANGUAGE_STANDARD = "gnu++0x";
				PRODUCT_NAME = "$(TARGET_NAME)";
			};
			name = Debug;
		};
		27E650761D412FA7000BD56C /* Release */ = {
			isa = XCBuildConfiguration;
			buildSettings = {
				CLANG_CXX_LANGUAGE_STANDARD = "gnu++0x";
				PRODUCT_NAME = "$(TARGET_NAME)";
			};
			name = Release;
		};
		27EA47631D50DE44008D1B9F /* Debug */ = {
			isa = XCBuildConfiguration;
			buildSettings = {
				CLANG_CXX_LANGUAGE_STANDARD = "gnu++0x";
				PRODUCT_NAME = "$(TARGET_NAME)";
			};
			name = Debug;
		};
		27EA47641D50DE44008D1B9F /* Release */ = {
			isa = XCBuildConfiguration;
			buildSettings = {
				CLANG_CXX_LANGUAGE_STANDARD = "gnu++0x";
				PRODUCT_NAME = "$(TARGET_NAME)";
			};
			name = Release;
		};
		27F0156B1D492E99009FC0C1 /* Debug */ = {
			isa = XCBuildConfiguration;
			buildSettings = {
				CLANG_CXX_LANGUAGE_STANDARD = "gnu++0x";
				PRODUCT_NAME = "$(TARGET_NAME)";
			};
			name = Debug;
		};
		27F0156C1D492E99009FC0C1 /* Release */ = {
			isa = XCBuildConfiguration;
			buildSettings = {
				CLANG_CXX_LANGUAGE_STANDARD = "gnu++0x";
				PRODUCT_NAME = "$(TARGET_NAME)";
			};
			name = Release;
		};
		27F12DB11D5CD22F00DD432F /* Debug */ = {
			isa = XCBuildConfiguration;
			buildSettings = {
				CLANG_CXX_LANGUAGE_STANDARD = "gnu++0x";
				PRODUCT_NAME = "$(TARGET_NAME)";
			};
			name = Debug;
		};
		27F12DB21D5CD22F00DD432F /* Release */ = {
			isa = XCBuildConfiguration;
			buildSettings = {
				CLANG_CXX_LANGUAGE_STANDARD = "gnu++0x";
				PRODUCT_NAME = "$(TARGET_NAME)";
			};
			name = Release;
		};
		9BCE50E31D57822700CE6EAF /* Debug */ = {
			isa = XCBuildConfiguration;
			buildSettings = {
				CLANG_CXX_LANGUAGE_STANDARD = "gnu++0x";
				PRODUCT_NAME = "$(TARGET_NAME)";
			};
			name = Debug;
		};
		9BCE50E41D57822700CE6EAF /* Release */ = {
			isa = XCBuildConfiguration;
			buildSettings = {
				CLANG_CXX_LANGUAGE_STANDARD = "gnu++0x";
				PRODUCT_NAME = "$(TARGET_NAME)";
			};
			name = Release;
		};
/* End XCBuildConfiguration section */

/* Begin XCConfigurationList section */
		271C24241D5A56D8008388D0 /* Build configuration list for PBXNativeTarget "EditDistance" */ = {
			isa = XCConfigurationList;
			buildConfigurations = (
				271C24221D5A56D8008388D0 /* Debug */,
				271C24231D5A56D8008388D0 /* Release */,
			);
			defaultConfigurationIsVisible = 0;
			defaultConfigurationName = Release;
		};
		272745FD1D47BB1900B52F88 /* Build configuration list for PBXNativeTarget "MajorityElement" */ = {
			isa = XCConfigurationList;
			buildConfigurations = (
				272745FB1D47BB1900B52F88 /* Debug */,
				272745FC1D47BB1900B52F88 /* Release */,
			);
			defaultConfigurationIsVisible = 0;
			defaultConfigurationName = Release;
		};
		272D3EE91D48E2BF00DB801B /* Build configuration list for PBXNativeTarget "Sorting3WayPartition" */ = {
			isa = XCConfigurationList;
			buildConfigurations = (
				272D3EEA1D48E2BF00DB801B /* Debug */,
				272D3EEB1D48E2BF00DB801B /* Release */,
			);
			defaultConfigurationIsVisible = 0;
			defaultConfigurationName = Release;
		};
		273CE4461D3FB71D009FB3A2 /* Build configuration list for PBXNativeTarget "MinimumDotProduct" */ = {
			isa = XCConfigurationList;
			buildConfigurations = (
				273CE4441D3FB71D009FB3A2 /* Debug */,
				273CE4451D3FB71D009FB3A2 /* Release */,
			);
			defaultConfigurationIsVisible = 0;
			defaultConfigurationName = Release;
		};
		27537FB31D521F3400D21A71 /* Build configuration list for PBXNativeTarget "PrimitiveCalculator" */ = {
			isa = XCConfigurationList;
			buildConfigurations = (
				27537FB41D521F3400D21A71 /* Debug */,
				27537FB51D521F3400D21A71 /* Release */,
			);
			defaultConfigurationIsVisible = 0;
			defaultConfigurationName = Release;
		};
		2754D9301D3FC2EC008A924E /* Build configuration list for PBXNativeTarget "CoveringSegmentsByPoints" */ = {
			isa = XCConfigurationList;
			buildConfigurations = (
				2754D92E1D3FC2EC008A924E /* Debug */,
				2754D92F1D3FC2EC008A924E /* Release */,
			);
			defaultConfigurationIsVisible = 0;
			defaultConfigurationName = Release;
		};
		2798EC081D47A85500E8D757 /* Build configuration list for PBXNativeTarget "BinarySearch" */ = {
			isa = XCConfigurationList;
			buildConfigurations = (
				2798EC091D47A85500E8D757 /* Debug */,
				2798EC0A1D47A85500E8D757 /* Release */,
			);
			defaultConfigurationIsVisible = 0;
			defaultConfigurationName = Release;
		};
		27DD27C81D356F5A00457EC3 /* Build configuration list for PBXProject "Algorithms" */ = {
			isa = XCConfigurationList;
			buildConfigurations = (
				27DD27D21D356F5A00457EC3 /* Debug */,
				27DD27D31D356F5A00457EC3 /* Release */,
			);
			defaultConfigurationIsVisible = 0;
			defaultConfigurationName = Release;
		};
		27DD27DF1D35743700457EC3 /* Build configuration list for PBXNativeTarget "AplusB" */ = {
			isa = XCConfigurationList;
			buildConfigurations = (
				27DD27E01D35743700457EC3 /* Debug */,
				27DD27E11D35743700457EC3 /* Release */,
			);
			defaultConfigurationIsVisible = 0;
			defaultConfigurationName = Release;
		};
		27DD27ED1D35757000457EC3 /* Build configuration list for PBXNativeTarget "MaxPairwiseProduct" */ = {
			isa = XCConfigurationList;
			buildConfigurations = (
				27DD27EE1D35757000457EC3 /* Debug */,
				27DD27EF1D35757000457EC3 /* Release */,
			);
			defaultConfigurationIsVisible = 0;
			defaultConfigurationName = Release;
		};
		27DD27FC1D36C07900457EC3 /* Build configuration list for PBXNativeTarget "Fibonacci" */ = {
			isa = XCConfigurationList;
			buildConfigurations = (
				27DD27FD1D36C07900457EC3 /* Debug */,
				27DD27FE1D36C07900457EC3 /* Release */,
			);
			defaultConfigurationIsVisible = 0;
			defaultConfigurationName = Release;
		};
		27DD28071D36D13800457EC3 /* Build configuration list for PBXNativeTarget "Euclidean" */ = {
			isa = XCConfigurationList;
			buildConfigurations = (
				27DD28081D36D13800457EC3 /* Debug */,
				27DD28091D36D13800457EC3 /* Release */,
			);
			defaultConfigurationIsVisible = 0;
			defaultConfigurationName = Release;
		};
		27DD28141D3810D800457EC3 /* Build configuration list for PBXNativeTarget "HugeFibonacci" */ = {
			isa = XCConfigurationList;
			buildConfigurations = (
				27DD28151D3810D800457EC3 /* Debug */,
				27DD28161D3810D800457EC3 /* Release */,
			);
			defaultConfigurationIsVisible = 0;
			defaultConfigurationName = Release;
		};
		27DD28221D3E878200457EC3 /* Build configuration list for PBXNativeTarget "Change" */ = {
			isa = XCConfigurationList;
			buildConfigurations = (
				27DD28231D3E878200457EC3 /* Debug */,
				27DD28241D3E878200457EC3 /* Release */,
			);
			defaultConfigurationIsVisible = 0;
			defaultConfigurationName = Release;
		};
		27DD282D1D3E8B0300457EC3 /* Build configuration list for PBXNativeTarget "FractionalKnapsack" */ = {
			isa = XCConfigurationList;
			buildConfigurations = (
				27DD282E1D3E8B0300457EC3 /* Debug */,
				27DD282F1D3E8B0300457EC3 /* Release */,
			);
			defaultConfigurationIsVisible = 0;
			defaultConfigurationName = Release;
		};
		27E650741D412FA7000BD56C /* Build configuration list for PBXNativeTarget "DifferentSummands" */ = {
			isa = XCConfigurationList;
			buildConfigurations = (
				27E650751D412FA7000BD56C /* Debug */,
				27E650761D412FA7000BD56C /* Release */,
			);
			defaultConfigurationIsVisible = 0;
			defaultConfigurationName = Release;
		};
		27EA47651D50DE44008D1B9F /* Build configuration list for PBXNativeTarget "PointsAndSegments" */ = {
			isa = XCConfigurationList;
			buildConfigurations = (
				27EA47631D50DE44008D1B9F /* Debug */,
				27EA47641D50DE44008D1B9F /* Release */,
			);
			defaultConfigurationIsVisible = 0;
			defaultConfigurationName = Release;
		};
		27F0156D1D492E99009FC0C1 /* Build configuration list for PBXNativeTarget "NumberOfInversions" */ = {
			isa = XCConfigurationList;
			buildConfigurations = (
				27F0156B1D492E99009FC0C1 /* Debug */,
				27F0156C1D492E99009FC0C1 /* Release */,
			);
			defaultConfigurationIsVisible = 0;
			defaultConfigurationName = Release;
		};
		27F12DB31D5CD22F00DD432F /* Build configuration list for PBXNativeTarget "PlacingParentheses" */ = {
			isa = XCConfigurationList;
			buildConfigurations = (
				27F12DB11D5CD22F00DD432F /* Debug */,
				27F12DB21D5CD22F00DD432F /* Release */,
			);
			defaultConfigurationIsVisible = 0;
			defaultConfigurationName = Release;
		};
		9BCE50E51D57822700CE6EAF /* Build configuration list for PBXNativeTarget "Knapsack" */ = {
			isa = XCConfigurationList;
			buildConfigurations = (
				9BCE50E31D57822700CE6EAF /* Debug */,
				9BCE50E41D57822700CE6EAF /* Release */,
			);
			defaultConfigurationIsVisible = 0;
			defaultConfigurationName = Release;
		};
/* End XCConfigurationList section */
	};
	rootObject = 27DD27C51D356F5A00457EC3 /* Project object */;
}
