// !$*UTF8*$!
{
	archiveVersion = 1;
	classes = {
	};
	objectVersion = 46;
	objects = {

/* Begin PBXBuildFile section */
		273CE4431D3FB71D009FB3A2 /* main.cpp in Sources */ = {isa = PBXBuildFile; fileRef = 273CE4421D3FB71D009FB3A2 /* main.cpp */; };
		2754D92D1D3FC2EC008A924E /* main.cpp in Sources */ = {isa = PBXBuildFile; fileRef = 2754D92C1D3FC2EC008A924E /* main.cpp */; };
		27DD27E21D35749600457EC3 /* main.cpp in Sources */ = {isa = PBXBuildFile; fileRef = 27DD27D01D356F5A00457EC3 /* main.cpp */; };
		27DD27F01D35757600457EC3 /* main.cpp in Sources */ = {isa = PBXBuildFile; fileRef = 27DD27E41D3574DC00457EC3 /* main.cpp */; };
		27DD28061D36D13800457EC3 /* main.cpp in Sources */ = {isa = PBXBuildFile; fileRef = 27DD28051D36D13800457EC3 /* main.cpp */; };
		27DD280A1D38061400457EC3 /* main.cpp in Sources */ = {isa = PBXBuildFile; fileRef = 27DD27F31D36BF3E00457EC3 /* main.cpp */; };
		27DD28171D3810E000457EC3 /* huge_fib_mod.cpp in Sources */ = {isa = PBXBuildFile; fileRef = 27DD280B1D380F1E00457EC3 /* huge_fib_mod.cpp */; };
		27DD28211D3E878200457EC3 /* main.cpp in Sources */ = {isa = PBXBuildFile; fileRef = 27DD28201D3E878200457EC3 /* main.cpp */; };
		27DD282C1D3E8B0300457EC3 /* main.cpp in Sources */ = {isa = PBXBuildFile; fileRef = 27DD282B1D3E8B0300457EC3 /* main.cpp */; };
		27E650731D412FA7000BD56C /* main.cpp in Sources */ = {isa = PBXBuildFile; fileRef = 27E650721D412FA7000BD56C /* main.cpp */; };
/* End PBXBuildFile section */

/* Begin PBXCopyFilesBuildPhase section */
		273CE43E1D3FB71D009FB3A2 /* CopyFiles */ = {
			isa = PBXCopyFilesBuildPhase;
			buildActionMask = 2147483647;
			dstPath = /usr/share/man/man1/;
			dstSubfolderSpec = 0;
			files = (
			);
			runOnlyForDeploymentPostprocessing = 1;
		};
		2754D9281D3FC2EC008A924E /* CopyFiles */ = {
			isa = PBXCopyFilesBuildPhase;
			buildActionMask = 2147483647;
			dstPath = /usr/share/man/man1/;
			dstSubfolderSpec = 0;
			files = (
			);
			runOnlyForDeploymentPostprocessing = 1;
		};
		27DD27D91D35743700457EC3 /* CopyFiles */ = {
			isa = PBXCopyFilesBuildPhase;
			buildActionMask = 2147483647;
			dstPath = /usr/share/man/man1/;
			dstSubfolderSpec = 0;
			files = (
			);
			runOnlyForDeploymentPostprocessing = 1;
		};
		27DD27E71D35757000457EC3 /* CopyFiles */ = {
			isa = PBXCopyFilesBuildPhase;
			buildActionMask = 2147483647;
			dstPath = /usr/share/man/man1/;
			dstSubfolderSpec = 0;
			files = (
			);
			runOnlyForDeploymentPostprocessing = 1;
		};
		27DD27F61D36C07900457EC3 /* CopyFiles */ = {
			isa = PBXCopyFilesBuildPhase;
			buildActionMask = 2147483647;
			dstPath = /usr/share/man/man1/;
			dstSubfolderSpec = 0;
			files = (
			);
			runOnlyForDeploymentPostprocessing = 1;
		};
		27DD28011D36D13800457EC3 /* CopyFiles */ = {
			isa = PBXCopyFilesBuildPhase;
			buildActionMask = 2147483647;
			dstPath = /usr/share/man/man1/;
			dstSubfolderSpec = 0;
			files = (
			);
			runOnlyForDeploymentPostprocessing = 1;
		};
		27DD280E1D3810D800457EC3 /* CopyFiles */ = {
			isa = PBXCopyFilesBuildPhase;
			buildActionMask = 2147483647;
			dstPath = /usr/share/man/man1/;
			dstSubfolderSpec = 0;
			files = (
			);
			runOnlyForDeploymentPostprocessing = 1;
		};
		27DD281C1D3E878100457EC3 /* CopyFiles */ = {
			isa = PBXCopyFilesBuildPhase;
			buildActionMask = 2147483647;
			dstPath = /usr/share/man/man1/;
			dstSubfolderSpec = 0;
			files = (
			);
			runOnlyForDeploymentPostprocessing = 1;
		};
		27DD28271D3E8B0300457EC3 /* CopyFiles */ = {
			isa = PBXCopyFilesBuildPhase;
			buildActionMask = 2147483647;
			dstPath = /usr/share/man/man1/;
			dstSubfolderSpec = 0;
			files = (
			);
			runOnlyForDeploymentPostprocessing = 1;
		};
		27E6506E1D412FA7000BD56C /* CopyFiles */ = {
			isa = PBXCopyFilesBuildPhase;
			buildActionMask = 2147483647;
			dstPath = /usr/share/man/man1/;
			dstSubfolderSpec = 0;
			files = (
			);
			runOnlyForDeploymentPostprocessing = 1;
		};
/* End PBXCopyFilesBuildPhase section */

/* Begin PBXFileReference section */
		273CE4401D3FB71D009FB3A2 /* MinimumDotProduct */ = {isa = PBXFileReference; explicitFileType = "compiled.mach-o.executable"; includeInIndex = 0; path = MinimumDotProduct; sourceTree = BUILT_PRODUCTS_DIR; };
		273CE4421D3FB71D009FB3A2 /* main.cpp */ = {isa = PBXFileReference; lastKnownFileType = sourcecode.cpp.cpp; path = main.cpp; sourceTree = "<group>"; };
		2754D92A1D3FC2EC008A924E /* CoveringSegmentsByPoints */ = {isa = PBXFileReference; explicitFileType = "compiled.mach-o.executable"; includeInIndex = 0; path = CoveringSegmentsByPoints; sourceTree = BUILT_PRODUCTS_DIR; };
		2754D92C1D3FC2EC008A924E /* main.cpp */ = {isa = PBXFileReference; lastKnownFileType = sourcecode.cpp.cpp; path = main.cpp; sourceTree = "<group>"; };
		27DD27D01D356F5A00457EC3 /* main.cpp */ = {isa = PBXFileReference; lastKnownFileType = sourcecode.cpp.cpp; path = main.cpp; sourceTree = "<group>"; };
		27DD27DB1D35743700457EC3 /* AplusB */ = {isa = PBXFileReference; explicitFileType = "compiled.mach-o.executable"; includeInIndex = 0; path = AplusB; sourceTree = BUILT_PRODUCTS_DIR; };
		27DD27E41D3574DC00457EC3 /* main.cpp */ = {isa = PBXFileReference; lastKnownFileType = sourcecode.cpp.cpp; path = main.cpp; sourceTree = "<group>"; };
		27DD27E91D35757000457EC3 /* MaxPairwiseProduct */ = {isa = PBXFileReference; explicitFileType = "compiled.mach-o.executable"; includeInIndex = 0; path = MaxPairwiseProduct; sourceTree = BUILT_PRODUCTS_DIR; };
		27DD27F11D36B46200457EC3 /* .gitignore */ = {isa = PBXFileReference; lastKnownFileType = text; path = .gitignore; sourceTree = "<group>"; };
		27DD27F31D36BF3E00457EC3 /* main.cpp */ = {isa = PBXFileReference; lastKnownFileType = sourcecode.cpp.cpp; path = main.cpp; sourceTree = "<group>"; };
		27DD27F81D36C07900457EC3 /* Fibonacci */ = {isa = PBXFileReference; explicitFileType = "compiled.mach-o.executable"; includeInIndex = 0; path = Fibonacci; sourceTree = BUILT_PRODUCTS_DIR; };
		27DD28031D36D13800457EC3 /* Euclidean */ = {isa = PBXFileReference; explicitFileType = "compiled.mach-o.executable"; includeInIndex = 0; path = Euclidean; sourceTree = BUILT_PRODUCTS_DIR; };
		27DD28051D36D13800457EC3 /* main.cpp */ = {isa = PBXFileReference; lastKnownFileType = sourcecode.cpp.cpp; path = main.cpp; sourceTree = "<group>"; };
		27DD280B1D380F1E00457EC3 /* huge_fib_mod.cpp */ = {isa = PBXFileReference; lastKnownFileType = sourcecode.cpp.cpp; path = huge_fib_mod.cpp; sourceTree = "<group>"; };
		27DD28101D3810D800457EC3 /* HugeFibonacci */ = {isa = PBXFileReference; explicitFileType = "compiled.mach-o.executable"; includeInIndex = 0; path = HugeFibonacci; sourceTree = BUILT_PRODUCTS_DIR; };
		27DD28181D3BF08000457EC3 /* fib.js */ = {isa = PBXFileReference; lastKnownFileType = sourcecode.javascript; path = fib.js; sourceTree = "<group>"; };
		27DD281E1D3E878100457EC3 /* Change */ = {isa = PBXFileReference; explicitFileType = "compiled.mach-o.executable"; includeInIndex = 0; path = Change; sourceTree = BUILT_PRODUCTS_DIR; };
		27DD28201D3E878200457EC3 /* main.cpp */ = {isa = PBXFileReference; lastKnownFileType = sourcecode.cpp.cpp; path = main.cpp; sourceTree = "<group>"; };
		27DD28291D3E8B0300457EC3 /* FractionalKnapsack */ = {isa = PBXFileReference; explicitFileType = "compiled.mach-o.executable"; includeInIndex = 0; path = FractionalKnapsack; sourceTree = BUILT_PRODUCTS_DIR; };
		27DD282B1D3E8B0300457EC3 /* main.cpp */ = {isa = PBXFileReference; lastKnownFileType = sourcecode.cpp.cpp; path = main.cpp; sourceTree = "<group>"; };
		27E650701D412FA7000BD56C /* DifferentSummands */ = {isa = PBXFileReference; explicitFileType = "compiled.mach-o.executable"; includeInIndex = 0; path = DifferentSummands; sourceTree = BUILT_PRODUCTS_DIR; };
		27E650721D412FA7000BD56C /* main.cpp */ = {isa = PBXFileReference; lastKnownFileType = sourcecode.cpp.cpp; path = main.cpp; sourceTree = "<group>"; };
/* End PBXFileReference section */

/* Begin PBXFrameworksBuildPhase section */
		273CE43D1D3FB71D009FB3A2 /* Frameworks */ = {
			isa = PBXFrameworksBuildPhase;
			buildActionMask = 2147483647;
			files = (
			);
			runOnlyForDeploymentPostprocessing = 0;
		};
		2754D9271D3FC2EC008A924E /* Frameworks */ = {
			isa = PBXFrameworksBuildPhase;
			buildActionMask = 2147483647;
			files = (
			);
			runOnlyForDeploymentPostprocessing = 0;
		};
		27DD27D81D35743700457EC3 /* Frameworks */ = {
			isa = PBXFrameworksBuildPhase;
			buildActionMask = 2147483647;
			files = (
			);
			runOnlyForDeploymentPostprocessing = 0;
		};
		27DD27E61D35757000457EC3 /* Frameworks */ = {
			isa = PBXFrameworksBuildPhase;
			buildActionMask = 2147483647;
			files = (
			);
			runOnlyForDeploymentPostprocessing = 0;
		};
		27DD27F51D36C07900457EC3 /* Frameworks */ = {
			isa = PBXFrameworksBuildPhase;
			buildActionMask = 2147483647;
			files = (
			);
			runOnlyForDeploymentPostprocessing = 0;
		};
		27DD28001D36D13800457EC3 /* Frameworks */ = {
			isa = PBXFrameworksBuildPhase;
			buildActionMask = 2147483647;
			files = (
			);
			runOnlyForDeploymentPostprocessing = 0;
		};
		27DD280D1D3810D800457EC3 /* Frameworks */ = {
			isa = PBXFrameworksBuildPhase;
			buildActionMask = 2147483647;
			files = (
			);
			runOnlyForDeploymentPostprocessing = 0;
		};
		27DD281B1D3E878100457EC3 /* Frameworks */ = {
			isa = PBXFrameworksBuildPhase;
			buildActionMask = 2147483647;
			files = (
			);
			runOnlyForDeploymentPostprocessing = 0;
		};
		27DD28261D3E8B0300457EC3 /* Frameworks */ = {
			isa = PBXFrameworksBuildPhase;
			buildActionMask = 2147483647;
			files = (
			);
			runOnlyForDeploymentPostprocessing = 0;
		};
		27E6506D1D412FA7000BD56C /* Frameworks */ = {
			isa = PBXFrameworksBuildPhase;
			buildActionMask = 2147483647;
			files = (
			);
			runOnlyForDeploymentPostprocessing = 0;
		};
/* End PBXFrameworksBuildPhase section */

/* Begin PBXGroup section */
		273CE4411D3FB71D009FB3A2 /* MinimumDotProduct */ = {
			isa = PBXGroup;
			children = (
				273CE4421D3FB71D009FB3A2 /* main.cpp */,
			);
			path = MinimumDotProduct;
			sourceTree = "<group>";
		};
		2754D92B1D3FC2EC008A924E /* CoveringSegmentsByPoints */ = {
			isa = PBXGroup;
			children = (
				2754D92C1D3FC2EC008A924E /* main.cpp */,
			);
			path = CoveringSegmentsByPoints;
			sourceTree = "<group>";
		};
		27DD27C41D356F5A00457EC3 = {
			isa = PBXGroup;
			children = (
				27DD28191D3E877100457EC3 /* Week 3 */,
				27DD27F21D36BF0500457EC3 /* Fibonacci */,
				27DD27E31D3574B100457EC3 /* Maximum Pairwise Product */,
				27DD27CF1D356F5A00457EC3 /* AplusB */,
				27DD28041D36D13800457EC3 /* Euclidean */,
				27DD27CE1D356F5A00457EC3 /* Products */,
				27DD27F11D36B46200457EC3 /* .gitignore */,
			);
			sourceTree = "<group>";
		};
		27DD27CE1D356F5A00457EC3 /* Products */ = {
			isa = PBXGroup;
			children = (
				27DD27DB1D35743700457EC3 /* AplusB */,
				27DD27E91D35757000457EC3 /* MaxPairwiseProduct */,
				27DD27F81D36C07900457EC3 /* Fibonacci */,
				27DD28031D36D13800457EC3 /* Euclidean */,
				27DD28101D3810D800457EC3 /* HugeFibonacci */,
				27DD281E1D3E878100457EC3 /* Change */,
				27DD28291D3E8B0300457EC3 /* FractionalKnapsack */,
				273CE4401D3FB71D009FB3A2 /* MinimumDotProduct */,
				2754D92A1D3FC2EC008A924E /* CoveringSegmentsByPoints */,
				27E650701D412FA7000BD56C /* DifferentSummands */,
			);
			name = Products;
			sourceTree = "<group>";
		};
		27DD27CF1D356F5A00457EC3 /* AplusB */ = {
			isa = PBXGroup;
			children = (
				27DD27D01D356F5A00457EC3 /* main.cpp */,
			);
			path = AplusB;
			sourceTree = "<group>";
		};
		27DD27E31D3574B100457EC3 /* Maximum Pairwise Product */ = {
			isa = PBXGroup;
			children = (
				27DD27E41D3574DC00457EC3 /* main.cpp */,
			);
			path = "Maximum Pairwise Product";
			sourceTree = "<group>";
		};
		27DD27F21D36BF0500457EC3 /* Fibonacci */ = {
			isa = PBXGroup;
			children = (
				27DD27F31D36BF3E00457EC3 /* main.cpp */,
				27DD280B1D380F1E00457EC3 /* huge_fib_mod.cpp */,
				27DD28181D3BF08000457EC3 /* fib.js */,
			);
			path = Fibonacci;
			sourceTree = "<group>";
		};
		27DD28041D36D13800457EC3 /* Euclidean */ = {
			isa = PBXGroup;
			children = (
				27DD28051D36D13800457EC3 /* main.cpp */,
			);
			path = Euclidean;
			sourceTree = "<group>";
		};
		27DD28191D3E877100457EC3 /* Week 3 */ = {
			isa = PBXGroup;
			children = (
				27E650711D412FA7000BD56C /* DifferentSummands */,
				2754D92B1D3FC2EC008A924E /* CoveringSegmentsByPoints */,
				273CE4411D3FB71D009FB3A2 /* MinimumDotProduct */,
				27DD282A1D3E8B0300457EC3 /* FractionalKnapsack */,
				27DD281F1D3E878200457EC3 /* Change */,
			);
			path = "Week 3";
			sourceTree = "<group>";
		};
		27DD281F1D3E878200457EC3 /* Change */ = {
			isa = PBXGroup;
			children = (
				27DD28201D3E878200457EC3 /* main.cpp */,
			);
			path = Change;
			sourceTree = "<group>";
		};
		27DD282A1D3E8B0300457EC3 /* FractionalKnapsack */ = {
			isa = PBXGroup;
			children = (
				27DD282B1D3E8B0300457EC3 /* main.cpp */,
			);
			path = FractionalKnapsack;
			sourceTree = "<group>";
		};
		27E650711D412FA7000BD56C /* DifferentSummands */ = {
			isa = PBXGroup;
			children = (
				27E650721D412FA7000BD56C /* main.cpp */,
			);
			path = DifferentSummands;
			sourceTree = "<group>";
		};
/* End PBXGroup section */

/* Begin PBXNativeTarget section */
		273CE43F1D3FB71D009FB3A2 /* MinimumDotProduct */ = {
			isa = PBXNativeTarget;
			buildConfigurationList = 273CE4461D3FB71D009FB3A2 /* Build configuration list for PBXNativeTarget "MinimumDotProduct" */;
			buildPhases = (
				273CE43C1D3FB71D009FB3A2 /* Sources */,
				273CE43D1D3FB71D009FB3A2 /* Frameworks */,
				273CE43E1D3FB71D009FB3A2 /* CopyFiles */,
			);
			buildRules = (
			);
			dependencies = (
			);
			name = MinimumDotProduct;
			productName = MinimumDotProduct;
			productReference = 273CE4401D3FB71D009FB3A2 /* MinimumDotProduct */;
			productType = "com.apple.product-type.tool";
		};
		2754D9291D3FC2EC008A924E /* CoveringSegmentsByPoints */ = {
			isa = PBXNativeTarget;
			buildConfigurationList = 2754D9301D3FC2EC008A924E /* Build configuration list for PBXNativeTarget "CoveringSegmentsByPoints" */;
			buildPhases = (
				2754D9261D3FC2EC008A924E /* Sources */,
				2754D9271D3FC2EC008A924E /* Frameworks */,
				2754D9281D3FC2EC008A924E /* CopyFiles */,
			);
			buildRules = (
			);
			dependencies = (
			);
			name = CoveringSegmentsByPoints;
			productName = CoveringSegmentsByPoints;
			productReference = 2754D92A1D3FC2EC008A924E /* CoveringSegmentsByPoints */;
			productType = "com.apple.product-type.tool";
		};
		27DD27DA1D35743700457EC3 /* AplusB */ = {
			isa = PBXNativeTarget;
			buildConfigurationList = 27DD27DF1D35743700457EC3 /* Build configuration list for PBXNativeTarget "AplusB" */;
			buildPhases = (
				27DD27D71D35743700457EC3 /* Sources */,
				27DD27D81D35743700457EC3 /* Frameworks */,
				27DD27D91D35743700457EC3 /* CopyFiles */,
			);
			buildRules = (
			);
			dependencies = (
			);
			name = AplusB;
			productName = AplusB;
			productReference = 27DD27DB1D35743700457EC3 /* AplusB */;
			productType = "com.apple.product-type.tool";
		};
		27DD27E81D35757000457EC3 /* MaxPairwiseProduct */ = {
			isa = PBXNativeTarget;
			buildConfigurationList = 27DD27ED1D35757000457EC3 /* Build configuration list for PBXNativeTarget "MaxPairwiseProduct" */;
			buildPhases = (
				27DD27E51D35757000457EC3 /* Sources */,
				27DD27E61D35757000457EC3 /* Frameworks */,
				27DD27E71D35757000457EC3 /* CopyFiles */,
			);
			buildRules = (
			);
			dependencies = (
			);
			name = MaxPairwiseProduct;
			productName = MaxPairwiseProduct;
			productReference = 27DD27E91D35757000457EC3 /* MaxPairwiseProduct */;
			productType = "com.apple.product-type.tool";
		};
		27DD27F71D36C07900457EC3 /* Fibonacci */ = {
			isa = PBXNativeTarget;
			buildConfigurationList = 27DD27FC1D36C07900457EC3 /* Build configuration list for PBXNativeTarget "Fibonacci" */;
			buildPhases = (
				27DD27F41D36C07900457EC3 /* Sources */,
				27DD27F51D36C07900457EC3 /* Frameworks */,
				27DD27F61D36C07900457EC3 /* CopyFiles */,
			);
			buildRules = (
			);
			dependencies = (
			);
			name = Fibonacci;
			productName = Fibonacci;
			productReference = 27DD27F81D36C07900457EC3 /* Fibonacci */;
			productType = "com.apple.product-type.tool";
		};
		27DD28021D36D13800457EC3 /* Euclidean */ = {
			isa = PBXNativeTarget;
			buildConfigurationList = 27DD28071D36D13800457EC3 /* Build configuration list for PBXNativeTarget "Euclidean" */;
			buildPhases = (
				27DD27FF1D36D13800457EC3 /* Sources */,
				27DD28001D36D13800457EC3 /* Frameworks */,
				27DD28011D36D13800457EC3 /* CopyFiles */,
			);
			buildRules = (
			);
			dependencies = (
			);
			name = Euclidean;
			productName = Euclidean;
			productReference = 27DD28031D36D13800457EC3 /* Euclidean */;
			productType = "com.apple.product-type.tool";
		};
		27DD280F1D3810D800457EC3 /* HugeFibonacci */ = {
			isa = PBXNativeTarget;
			buildConfigurationList = 27DD28141D3810D800457EC3 /* Build configuration list for PBXNativeTarget "HugeFibonacci" */;
			buildPhases = (
				27DD280C1D3810D800457EC3 /* Sources */,
				27DD280D1D3810D800457EC3 /* Frameworks */,
				27DD280E1D3810D800457EC3 /* CopyFiles */,
			);
			buildRules = (
			);
			dependencies = (
			);
			name = HugeFibonacci;
			productName = HugeFibonacci;
			productReference = 27DD28101D3810D800457EC3 /* HugeFibonacci */;
			productType = "com.apple.product-type.tool";
		};
		27DD281D1D3E878100457EC3 /* Change */ = {
			isa = PBXNativeTarget;
			buildConfigurationList = 27DD28221D3E878200457EC3 /* Build configuration list for PBXNativeTarget "Change" */;
			buildPhases = (
				27DD281A1D3E878100457EC3 /* Sources */,
				27DD281B1D3E878100457EC3 /* Frameworks */,
				27DD281C1D3E878100457EC3 /* CopyFiles */,
			);
			buildRules = (
			);
			dependencies = (
			);
			name = Change;
			productName = Change;
			productReference = 27DD281E1D3E878100457EC3 /* Change */;
			productType = "com.apple.product-type.tool";
		};
		27DD28281D3E8B0300457EC3 /* FractionalKnapsack */ = {
			isa = PBXNativeTarget;
			buildConfigurationList = 27DD282D1D3E8B0300457EC3 /* Build configuration list for PBXNativeTarget "FractionalKnapsack" */;
			buildPhases = (
				27DD28251D3E8B0300457EC3 /* Sources */,
				27DD28261D3E8B0300457EC3 /* Frameworks */,
				27DD28271D3E8B0300457EC3 /* CopyFiles */,
			);
			buildRules = (
			);
			dependencies = (
			);
			name = FractionalKnapsack;
			productName = FractionalKnapsack;
			productReference = 27DD28291D3E8B0300457EC3 /* FractionalKnapsack */;
			productType = "com.apple.product-type.tool";
		};
		27E6506F1D412FA7000BD56C /* DifferentSummands */ = {
			isa = PBXNativeTarget;
			buildConfigurationList = 27E650741D412FA7000BD56C /* Build configuration list for PBXNativeTarget "DifferentSummands" */;
			buildPhases = (
				27E6506C1D412FA7000BD56C /* Sources */,
				27E6506D1D412FA7000BD56C /* Frameworks */,
				27E6506E1D412FA7000BD56C /* CopyFiles */,
			);
			buildRules = (
			);
			dependencies = (
			);
			name = DifferentSummands;
			productName = DifferentSummands;
			productReference = 27E650701D412FA7000BD56C /* DifferentSummands */;
			productType = "com.apple.product-type.tool";
		};
/* End PBXNativeTarget section */

/* Begin PBXProject section */
		27DD27C51D356F5A00457EC3 /* Project object */ = {
			isa = PBXProject;
			attributes = {
				LastUpgradeCheck = 0730;
				ORGANIZATIONNAME = "Mike Caley";
				TargetAttributes = {
					273CE43F1D3FB71D009FB3A2 = {
						CreatedOnToolsVersion = 7.3.1;
					};
					2754D9291D3FC2EC008A924E = {
						CreatedOnToolsVersion = 7.3.1;
					};
					27DD27DA1D35743700457EC3 = {
						CreatedOnToolsVersion = 7.3.1;
					};
					27DD27E81D35757000457EC3 = {
						CreatedOnToolsVersion = 7.3.1;
					};
					27DD27F71D36C07900457EC3 = {
						CreatedOnToolsVersion = 7.3.1;
					};
					27DD28021D36D13800457EC3 = {
						CreatedOnToolsVersion = 7.3.1;
					};
					27DD280F1D3810D800457EC3 = {
						CreatedOnToolsVersion = 7.3.1;
					};
					27DD281D1D3E878100457EC3 = {
						CreatedOnToolsVersion = 7.3.1;
					};
					27DD28281D3E8B0300457EC3 = {
						CreatedOnToolsVersion = 7.3.1;
					};
					27E6506F1D412FA7000BD56C = {
						CreatedOnToolsVersion = 7.3.1;
					};
				};
			};
			buildConfigurationList = 27DD27C81D356F5A00457EC3 /* Build configuration list for PBXProject "Algorithms" */;
			compatibilityVersion = "Xcode 3.2";
			developmentRegion = English;
			hasScannedForEncodings = 0;
			knownRegions = (
				en,
			);
			mainGroup = 27DD27C41D356F5A00457EC3;
			productRefGroup = 27DD27CE1D356F5A00457EC3 /* Products */;
			projectDirPath = "";
			projectRoot = "";
			targets = (
				27DD27DA1D35743700457EC3 /* AplusB */,
				27DD27E81D35757000457EC3 /* MaxPairwiseProduct */,
				27DD27F71D36C07900457EC3 /* Fibonacci */,
				27DD28021D36D13800457EC3 /* Euclidean */,
				27DD280F1D3810D800457EC3 /* HugeFibonacci */,
				27DD281D1D3E878100457EC3 /* Change */,
				27DD28281D3E8B0300457EC3 /* FractionalKnapsack */,
				273CE43F1D3FB71D009FB3A2 /* MinimumDotProduct */,
				2754D9291D3FC2EC008A924E /* CoveringSegmentsByPoints */,
				27E6506F1D412FA7000BD56C /* DifferentSummands */,
			);
		};
/* End PBXProject section */

/* Begin PBXSourcesBuildPhase section */
		273CE43C1D3FB71D009FB3A2 /* Sources */ = {
			isa = PBXSourcesBuildPhase;
			buildActionMask = 2147483647;
			files = (
				273CE4431D3FB71D009FB3A2 /* main.cpp in Sources */,
			);
			runOnlyForDeploymentPostprocessing = 0;
		};
		2754D9261D3FC2EC008A924E /* Sources */ = {
			isa = PBXSourcesBuildPhase;
			buildActionMask = 2147483647;
			files = (
				2754D92D1D3FC2EC008A924E /* main.cpp in Sources */,
			);
			runOnlyForDeploymentPostprocessing = 0;
		};
		27DD27D71D35743700457EC3 /* Sources */ = {
			isa = PBXSourcesBuildPhase;
			buildActionMask = 2147483647;
			files = (
				27DD27E21D35749600457EC3 /* main.cpp in Sources */,
			);
			runOnlyForDeploymentPostprocessing = 0;
		};
		27DD27E51D35757000457EC3 /* Sources */ = {
			isa = PBXSourcesBuildPhase;
			buildActionMask = 2147483647;
			files = (
				27DD27F01D35757600457EC3 /* main.cpp in Sources */,
			);
			runOnlyForDeploymentPostprocessing = 0;
		};
		27DD27F41D36C07900457EC3 /* Sources */ = {
			isa = PBXSourcesBuildPhase;
			buildActionMask = 2147483647;
			files = (
				27DD280A1D38061400457EC3 /* main.cpp in Sources */,
			);
			runOnlyForDeploymentPostprocessing = 0;
		};
		27DD27FF1D36D13800457EC3 /* Sources */ = {
			isa = PBXSourcesBuildPhase;
			buildActionMask = 2147483647;
			files = (
				27DD28061D36D13800457EC3 /* main.cpp in Sources */,
			);
			runOnlyForDeploymentPostprocessing = 0;
		};
		27DD280C1D3810D800457EC3 /* Sources */ = {
			isa = PBXSourcesBuildPhase;
			buildActionMask = 2147483647;
			files = (
				27DD28171D3810E000457EC3 /* huge_fib_mod.cpp in Sources */,
			);
			runOnlyForDeploymentPostprocessing = 0;
		};
		27DD281A1D3E878100457EC3 /* Sources */ = {
			isa = PBXSourcesBuildPhase;
			buildActionMask = 2147483647;
			files = (
				27DD28211D3E878200457EC3 /* main.cpp in Sources */,
			);
			runOnlyForDeploymentPostprocessing = 0;
		};
		27DD28251D3E8B0300457EC3 /* Sources */ = {
			isa = PBXSourcesBuildPhase;
			buildActionMask = 2147483647;
			files = (
				27DD282C1D3E8B0300457EC3 /* main.cpp in Sources */,
			);
			runOnlyForDeploymentPostprocessing = 0;
		};
		27E6506C1D412FA7000BD56C /* Sources */ = {
			isa = PBXSourcesBuildPhase;
			buildActionMask = 2147483647;
			files = (
				27E650731D412FA7000BD56C /* main.cpp in Sources */,
			);
			runOnlyForDeploymentPostprocessing = 0;
		};
/* End PBXSourcesBuildPhase section */

/* Begin XCBuildConfiguration section */
		273CE4441D3FB71D009FB3A2 /* Debug */ = {
			isa = XCBuildConfiguration;
			buildSettings = {
				CLANG_CXX_LANGUAGE_STANDARD = "gnu++0x";
				PRODUCT_NAME = "$(TARGET_NAME)";
			};
			name = Debug;
		};
		273CE4451D3FB71D009FB3A2 /* Release */ = {
			isa = XCBuildConfiguration;
			buildSettings = {
				CLANG_CXX_LANGUAGE_STANDARD = "gnu++0x";
				PRODUCT_NAME = "$(TARGET_NAME)";
			};
			name = Release;
		};
		2754D92E1D3FC2EC008A924E /* Debug */ = {
			isa = XCBuildConfiguration;
			buildSettings = {
				CLANG_CXX_LANGUAGE_STANDARD = "gnu++0x";
				PRODUCT_NAME = "$(TARGET_NAME)";
			};
			name = Debug;
		};
		2754D92F1D3FC2EC008A924E /* Release */ = {
			isa = XCBuildConfiguration;
			buildSettings = {
				CLANG_CXX_LANGUAGE_STANDARD = "gnu++0x";
				PRODUCT_NAME = "$(TARGET_NAME)";
			};
			name = Release;
		};
		27DD27D21D356F5A00457EC3 /* Debug */ = {
			isa = XCBuildConfiguration;
			buildSettings = {
				ALWAYS_SEARCH_USER_PATHS = NO;
				CLANG_ANALYZER_NONNULL = YES;
				CLANG_CXX_LANGUAGE_STANDARD = "c++0x";
				CLANG_CXX_LIBRARY = "libc++";
				CLANG_ENABLE_MODULES = YES;
				CLANG_ENABLE_OBJC_ARC = YES;
				CLANG_WARN_BOOL_CONVERSION = YES;
				CLANG_WARN_CONSTANT_CONVERSION = YES;
				CLANG_WARN_DIRECT_OBJC_ISA_USAGE = YES_ERROR;
				CLANG_WARN_EMPTY_BODY = YES;
				CLANG_WARN_ENUM_CONVERSION = YES;
				CLANG_WARN_INT_CONVERSION = YES;
				CLANG_WARN_OBJC_ROOT_CLASS = YES_ERROR;
				CLANG_WARN_UNREACHABLE_CODE = YES;
				CLANG_WARN__DUPLICATE_METHOD_MATCH = YES;
				CODE_SIGN_IDENTITY = "-";
				COPY_PHASE_STRIP = NO;
				DEBUG_INFORMATION_FORMAT = dwarf;
				ENABLE_STRICT_OBJC_MSGSEND = YES;
				ENABLE_TESTABILITY = YES;
				GCC_C_LANGUAGE_STANDARD = gnu99;
				GCC_DYNAMIC_NO_PIC = NO;
				GCC_NO_COMMON_BLOCKS = YES;
				GCC_OPTIMIZATION_LEVEL = 0;
				GCC_PREPROCESSOR_DEFINITIONS = (
					"DEBUG=1",
					"$(inherited)",
				);
				GCC_WARN_64_TO_32_BIT_CONVERSION = YES;
				GCC_WARN_ABOUT_RETURN_TYPE = YES_ERROR;
				GCC_WARN_UNDECLARED_SELECTOR = YES;
				GCC_WARN_UNINITIALIZED_AUTOS = YES_AGGRESSIVE;
				GCC_WARN_UNUSED_FUNCTION = YES;
				GCC_WARN_UNUSED_VARIABLE = YES;
				MACOSX_DEPLOYMENT_TARGET = 10.11;
				MTL_ENABLE_DEBUG_INFO = YES;
				ONLY_ACTIVE_ARCH = YES;
				SDKROOT = macosx;
			};
			name = Debug;
		};
		27DD27D31D356F5A00457EC3 /* Release */ = {
			isa = XCBuildConfiguration;
			buildSettings = {
				ALWAYS_SEARCH_USER_PATHS = NO;
				CLANG_ANALYZER_NONNULL = YES;
				CLANG_CXX_LANGUAGE_STANDARD = "c++0x";
				CLANG_CXX_LIBRARY = "libc++";
				CLANG_ENABLE_MODULES = YES;
				CLANG_ENABLE_OBJC_ARC = YES;
				CLANG_WARN_BOOL_CONVERSION = YES;
				CLANG_WARN_CONSTANT_CONVERSION = YES;
				CLANG_WARN_DIRECT_OBJC_ISA_USAGE = YES_ERROR;
				CLANG_WARN_EMPTY_BODY = YES;
				CLANG_WARN_ENUM_CONVERSION = YES;
				CLANG_WARN_INT_CONVERSION = YES;
				CLANG_WARN_OBJC_ROOT_CLASS = YES_ERROR;
				CLANG_WARN_UNREACHABLE_CODE = YES;
				CLANG_WARN__DUPLICATE_METHOD_MATCH = YES;
				CODE_SIGN_IDENTITY = "-";
				COPY_PHASE_STRIP = NO;
				DEBUG_INFORMATION_FORMAT = "dwarf-with-dsym";
				ENABLE_NS_ASSERTIONS = NO;
				ENABLE_STRICT_OBJC_MSGSEND = YES;
				GCC_C_LANGUAGE_STANDARD = gnu99;
				GCC_NO_COMMON_BLOCKS = YES;
				GCC_WARN_64_TO_32_BIT_CONVERSION = YES;
				GCC_WARN_ABOUT_RETURN_TYPE = YES_ERROR;
				GCC_WARN_UNDECLARED_SELECTOR = YES;
				GCC_WARN_UNINITIALIZED_AUTOS = YES_AGGRESSIVE;
				GCC_WARN_UNUSED_FUNCTION = YES;
				GCC_WARN_UNUSED_VARIABLE = YES;
				MACOSX_DEPLOYMENT_TARGET = 10.11;
				MTL_ENABLE_DEBUG_INFO = NO;
				SDKROOT = macosx;
			};
			name = Release;
		};
		27DD27E01D35743700457EC3 /* Debug */ = {
			isa = XCBuildConfiguration;
			buildSettings = {
				PRODUCT_NAME = "$(TARGET_NAME)";
			};
			name = Debug;
		};
		27DD27E11D35743700457EC3 /* Release */ = {
			isa = XCBuildConfiguration;
			buildSettings = {
				PRODUCT_NAME = "$(TARGET_NAME)";
			};
			name = Release;
		};
		27DD27EE1D35757000457EC3 /* Debug */ = {
			isa = XCBuildConfiguration;
			buildSettings = {
				CLANG_CXX_LANGUAGE_STANDARD = "gnu++0x";
				PRODUCT_NAME = "$(TARGET_NAME)";
			};
			name = Debug;
		};
		27DD27EF1D35757000457EC3 /* Release */ = {
			isa = XCBuildConfiguration;
			buildSettings = {
				CLANG_CXX_LANGUAGE_STANDARD = "gnu++0x";
				PRODUCT_NAME = "$(TARGET_NAME)";
			};
			name = Release;
		};
		27DD27FD1D36C07900457EC3 /* Debug */ = {
			isa = XCBuildConfiguration;
			buildSettings = {
				CLANG_CXX_LANGUAGE_STANDARD = "gnu++0x";
				PRODUCT_NAME = "$(TARGET_NAME)";
			};
			name = Debug;
		};
		27DD27FE1D36C07900457EC3 /* Release */ = {
			isa = XCBuildConfiguration;
			buildSettings = {
				CLANG_CXX_LANGUAGE_STANDARD = "gnu++0x";
				PRODUCT_NAME = "$(TARGET_NAME)";
			};
			name = Release;
		};
		27DD28081D36D13800457EC3 /* Debug */ = {
			isa = XCBuildConfiguration;
			buildSettings = {
				CLANG_CXX_LANGUAGE_STANDARD = "gnu++0x";
				PRODUCT_NAME = "$(TARGET_NAME)";
			};
			name = Debug;
		};
		27DD28091D36D13800457EC3 /* Release */ = {
			isa = XCBuildConfiguration;
			buildSettings = {
				CLANG_CXX_LANGUAGE_STANDARD = "gnu++0x";
				PRODUCT_NAME = "$(TARGET_NAME)";
			};
			name = Release;
		};
		27DD28151D3810D800457EC3 /* Debug */ = {
			isa = XCBuildConfiguration;
			buildSettings = {
				CLANG_CXX_LANGUAGE_STANDARD = "gnu++0x";
				PRODUCT_NAME = "$(TARGET_NAME)";
			};
			name = Debug;
		};
		27DD28161D3810D800457EC3 /* Release */ = {
			isa = XCBuildConfiguration;
			buildSettings = {
				CLANG_CXX_LANGUAGE_STANDARD = "gnu++0x";
				PRODUCT_NAME = "$(TARGET_NAME)";
			};
			name = Release;
		};
		27DD28231D3E878200457EC3 /* Debug */ = {
			isa = XCBuildConfiguration;
			buildSettings = {
				CLANG_CXX_LANGUAGE_STANDARD = "gnu++0x";
				PRODUCT_NAME = "$(TARGET_NAME)";
			};
			name = Debug;
		};
		27DD28241D3E878200457EC3 /* Release */ = {
			isa = XCBuildConfiguration;
			buildSettings = {
				CLANG_CXX_LANGUAGE_STANDARD = "gnu++0x";
				PRODUCT_NAME = "$(TARGET_NAME)";
			};
			name = Release;
		};
		27DD282E1D3E8B0300457EC3 /* Debug */ = {
			isa = XCBuildConfiguration;
			buildSettings = {
				CLANG_CXX_LANGUAGE_STANDARD = "gnu++0x";
				PRODUCT_NAME = "$(TARGET_NAME)";
			};
			name = Debug;
		};
		27DD282F1D3E8B0300457EC3 /* Release */ = {
			isa = XCBuildConfiguration;
			buildSettings = {
				CLANG_CXX_LANGUAGE_STANDARD = "gnu++0x";
				PRODUCT_NAME = "$(TARGET_NAME)";
			};
			name = Release;
		};
		27E650751D412FA7000BD56C /* Debug */ = {
			isa = XCBuildConfiguration;
			buildSettings = {
				CLANG_CXX_LANGUAGE_STANDARD = "gnu++0x";
				PRODUCT_NAME = "$(TARGET_NAME)";
			};
			name = Debug;
		};
		27E650761D412FA7000BD56C /* Release */ = {
			isa = XCBuildConfiguration;
			buildSettings = {
				CLANG_CXX_LANGUAGE_STANDARD = "gnu++0x";
				PRODUCT_NAME = "$(TARGET_NAME)";
			};
			name = Release;
		};
/* End XCBuildConfiguration section */

/* Begin XCConfigurationList section */
		273CE4461D3FB71D009FB3A2 /* Build configuration list for PBXNativeTarget "MinimumDotProduct" */ = {
			isa = XCConfigurationList;
			buildConfigurations = (
				273CE4441D3FB71D009FB3A2 /* Debug */,
				273CE4451D3FB71D009FB3A2 /* Release */,
			);
			defaultConfigurationIsVisible = 0;
			defaultConfigurationName = Release;
		};
		2754D9301D3FC2EC008A924E /* Build configuration list for PBXNativeTarget "CoveringSegmentsByPoints" */ = {
			isa = XCConfigurationList;
			buildConfigurations = (
				2754D92E1D3FC2EC008A924E /* Debug */,
				2754D92F1D3FC2EC008A924E /* Release */,
			);
			defaultConfigurationIsVisible = 0;
			defaultConfigurationName = Release;
		};
		27DD27C81D356F5A00457EC3 /* Build configuration list for PBXProject "Algorithms" */ = {
			isa = XCConfigurationList;
			buildConfigurations = (
				27DD27D21D356F5A00457EC3 /* Debug */,
				27DD27D31D356F5A00457EC3 /* Release */,
			);
			defaultConfigurationIsVisible = 0;
			defaultConfigurationName = Release;
		};
		27DD27DF1D35743700457EC3 /* Build configuration list for PBXNativeTarget "AplusB" */ = {
			isa = XCConfigurationList;
			buildConfigurations = (
				27DD27E01D35743700457EC3 /* Debug */,
				27DD27E11D35743700457EC3 /* Release */,
			);
			defaultConfigurationIsVisible = 0;
			defaultConfigurationName = Release;
		};
		27DD27ED1D35757000457EC3 /* Build configuration list for PBXNativeTarget "MaxPairwiseProduct" */ = {
			isa = XCConfigurationList;
			buildConfigurations = (
				27DD27EE1D35757000457EC3 /* Debug */,
				27DD27EF1D35757000457EC3 /* Release */,
			);
			defaultConfigurationIsVisible = 0;
			defaultConfigurationName = Release;
		};
		27DD27FC1D36C07900457EC3 /* Build configuration list for PBXNativeTarget "Fibonacci" */ = {
			isa = XCConfigurationList;
			buildConfigurations = (
				27DD27FD1D36C07900457EC3 /* Debug */,
				27DD27FE1D36C07900457EC3 /* Release */,
			);
			defaultConfigurationIsVisible = 0;
			defaultConfigurationName = Release;
		};
		27DD28071D36D13800457EC3 /* Build configuration list for PBXNativeTarget "Euclidean" */ = {
			isa = XCConfigurationList;
			buildConfigurations = (
				27DD28081D36D13800457EC3 /* Debug */,
				27DD28091D36D13800457EC3 /* Release */,
			);
			defaultConfigurationIsVisible = 0;
			defaultConfigurationName = Release;
		};
		27DD28141D3810D800457EC3 /* Build configuration list for PBXNativeTarget "HugeFibonacci" */ = {
			isa = XCConfigurationList;
			buildConfigurations = (
				27DD28151D3810D800457EC3 /* Debug */,
				27DD28161D3810D800457EC3 /* Release */,
			);
			defaultConfigurationIsVisible = 0;
			defaultConfigurationName = Release;
		};
		27DD28221D3E878200457EC3 /* Build configuration list for PBXNativeTarget "Change" */ = {
			isa = XCConfigurationList;
			buildConfigurations = (
				27DD28231D3E878200457EC3 /* Debug */,
				27DD28241D3E878200457EC3 /* Release */,
			);
			defaultConfigurationIsVisible = 0;
			defaultConfigurationName = Release;
		};
		27DD282D1D3E8B0300457EC3 /* Build configuration list for PBXNativeTarget "FractionalKnapsack" */ = {
			isa = XCConfigurationList;
			buildConfigurations = (
				27DD282E1D3E8B0300457EC3 /* Debug */,
				27DD282F1D3E8B0300457EC3 /* Release */,
			);
			defaultConfigurationIsVisible = 0;
			defaultConfigurationName = Release;
		};
		27E650741D412FA7000BD56C /* Build configuration list for PBXNativeTarget "DifferentSummands" */ = {
			isa = XCConfigurationList;
			buildConfigurations = (
				27E650751D412FA7000BD56C /* Debug */,
				27E650761D412FA7000BD56C /* Release */,
			);
			defaultConfigurationIsVisible = 0;
		};
/* End XCConfigurationList section */
	};
	rootObject = 27DD27C51D356F5A00457EC3 /* Project object */;
}
